// !$*UTF8*$!
{
	archiveVersion = 1;
	classes = {
	};
	objectVersion = 50;
	objects = {

/* Begin PBXBuildFile section */
		7203E1C1260B2E68006FFD40 /* handlerBackground.png in Resources */ = {isa = PBXBuildFile; fileRef = 7203E1C0260B2E68006FFD40 /* handlerBackground.png */; };
		7203E1C7260B3CCA006FFD40 /* Extension.swift in Sources */ = {isa = PBXBuildFile; fileRef = 7203E1C6260B3CCA006FFD40 /* Extension.swift */; };
		720A424A26174C44002D589C /* hit.wav in Resources */ = {isa = PBXBuildFile; fileRef = 720A424926174C44002D589C /* hit.wav */; };
		720A425126189C31002D589C /* attack_1.png in Resources */ = {isa = PBXBuildFile; fileRef = 720A424C26189C30002D589C /* attack_1.png */; };
		720A425226189C31002D589C /* attack_3.png in Resources */ = {isa = PBXBuildFile; fileRef = 720A424D26189C31002D589C /* attack_3.png */; };
		720A425326189C31002D589C /* attack_4.png in Resources */ = {isa = PBXBuildFile; fileRef = 720A424E26189C31002D589C /* attack_4.png */; };
		720A425426189C31002D589C /* attack_2.png in Resources */ = {isa = PBXBuildFile; fileRef = 720A424F26189C31002D589C /* attack_2.png */; };
		720A425526189C31002D589C /* attack_5.png in Resources */ = {isa = PBXBuildFile; fileRef = 720A425026189C31002D589C /* attack_5.png */; };
		720A425826189E7D002D589C /* AttackPoint.swift in Sources */ = {isa = PBXBuildFile; fileRef = 720A425726189E7D002D589C /* AttackPoint.swift */; };
		720A42612618A81D002D589C /* fire_2.png in Resources */ = {isa = PBXBuildFile; fileRef = 720A425A2618A81C002D589C /* fire_2.png */; };
		720A42622618A81D002D589C /* fire_6.png in Resources */ = {isa = PBXBuildFile; fileRef = 720A425B2618A81C002D589C /* fire_6.png */; };
		720A42632618A81D002D589C /* fire_7.png in Resources */ = {isa = PBXBuildFile; fileRef = 720A425C2618A81C002D589C /* fire_7.png */; };
		720A42642618A81D002D589C /* fire_1.png in Resources */ = {isa = PBXBuildFile; fileRef = 720A425D2618A81C002D589C /* fire_1.png */; };
		720A42652618A81D002D589C /* fire_4.png in Resources */ = {isa = PBXBuildFile; fileRef = 720A425E2618A81D002D589C /* fire_4.png */; };
		720A42662618A81D002D589C /* fire_5.png in Resources */ = {isa = PBXBuildFile; fileRef = 720A425F2618A81D002D589C /* fire_5.png */; };
		720A42672618A81D002D589C /* fire_3.png in Resources */ = {isa = PBXBuildFile; fileRef = 720A42602618A81D002D589C /* fire_3.png */; };
		720A426D2618C7C0002D589C /* logDie_2.png in Resources */ = {isa = PBXBuildFile; fileRef = 720A42692618C7C0002D589C /* logDie_2.png */; };
		720A426E2618C7C0002D589C /* logDie_1.png in Resources */ = {isa = PBXBuildFile; fileRef = 720A426A2618C7C0002D589C /* logDie_1.png */; };
		720A426F2618C7C0002D589C /* logDie_4.png in Resources */ = {isa = PBXBuildFile; fileRef = 720A426B2618C7C0002D589C /* logDie_4.png */; };
		720A42702618C7C0002D589C /* logDie_3.png in Resources */ = {isa = PBXBuildFile; fileRef = 720A426C2618C7C0002D589C /* logDie_3.png */; };
		720A42792618CBE9002D589C /* bomb_1.png in Resources */ = {isa = PBXBuildFile; fileRef = 720A42722618CBE9002D589C /* bomb_1.png */; };
		720A427A2618CBE9002D589C /* bomb_3.png in Resources */ = {isa = PBXBuildFile; fileRef = 720A42732618CBE9002D589C /* bomb_3.png */; };
		720A427B2618CBE9002D589C /* bomb_4.png in Resources */ = {isa = PBXBuildFile; fileRef = 720A42742618CBE9002D589C /* bomb_4.png */; };
		720A427C2618CBE9002D589C /* bomb_7.png in Resources */ = {isa = PBXBuildFile; fileRef = 720A42752618CBE9002D589C /* bomb_7.png */; };
		720A427D2618CBE9002D589C /* bomb_5.png in Resources */ = {isa = PBXBuildFile; fileRef = 720A42762618CBE9002D589C /* bomb_5.png */; };
		720A427E2618CBE9002D589C /* bomb_6.png in Resources */ = {isa = PBXBuildFile; fileRef = 720A42772618CBE9002D589C /* bomb_6.png */; };
		720A427F2618CBE9002D589C /* bomb_2.png in Resources */ = {isa = PBXBuildFile; fileRef = 720A42782618CBE9002D589C /* bomb_2.png */; };
		720A42822618CD0D002D589C /* tomb.png in Resources */ = {isa = PBXBuildFile; fileRef = 720A42812618CD0D002D589C /* tomb.png */; };
		720A42852618CD1E002D589C /* Tomb.swift in Sources */ = {isa = PBXBuildFile; fileRef = 720A42842618CD1E002D589C /* Tomb.swift */; };
		722F7065260C8B75009EB2D1 /* gray.png in Resources */ = {isa = PBXBuildFile; fileRef = 722F7064260C8B75009EB2D1 /* gray.png */; };
		724213D6261A064700CA5F97 /* box_4.png in Resources */ = {isa = PBXBuildFile; fileRef = 724213D2261A064700CA5F97 /* box_4.png */; };
		724213D7261A064700CA5F97 /* box_3.png in Resources */ = {isa = PBXBuildFile; fileRef = 724213D3261A064700CA5F97 /* box_3.png */; };
		724213D8261A064700CA5F97 /* box_2.png in Resources */ = {isa = PBXBuildFile; fileRef = 724213D4261A064700CA5F97 /* box_2.png */; };
		724213D9261A064700CA5F97 /* box_1.png in Resources */ = {isa = PBXBuildFile; fileRef = 724213D5261A064700CA5F97 /* box_1.png */; };
		724213DC261A069600CA5F97 /* ObjectAction.sks in Resources */ = {isa = PBXBuildFile; fileRef = 724213DB261A069600CA5F97 /* ObjectAction.sks */; };
		724213E0261A091400CA5F97 /* Box.swift in Sources */ = {isa = PBXBuildFile; fileRef = 724213DF261A091400CA5F97 /* Box.swift */; };
		724213E8261A0CB300CA5F97 /* book_4.png in Resources */ = {isa = PBXBuildFile; fileRef = 724213E2261A0CB200CA5F97 /* book_4.png */; };
		724213E9261A0CB300CA5F97 /* book_3.png in Resources */ = {isa = PBXBuildFile; fileRef = 724213E3261A0CB200CA5F97 /* book_3.png */; };
		724213EA261A0CB300CA5F97 /* book_2.png in Resources */ = {isa = PBXBuildFile; fileRef = 724213E4261A0CB300CA5F97 /* book_2.png */; };
		724213EB261A0CB300CA5F97 /* platform.png in Resources */ = {isa = PBXBuildFile; fileRef = 724213E5261A0CB300CA5F97 /* platform.png */; };
		724213EC261A0CB300CA5F97 /* book_1.png in Resources */ = {isa = PBXBuildFile; fileRef = 724213E6261A0CB300CA5F97 /* book_1.png */; };
		724213ED261A0CB300CA5F97 /* book_5.png in Resources */ = {isa = PBXBuildFile; fileRef = 724213E7261A0CB300CA5F97 /* book_5.png */; };
		724213F0261A0CBE00CA5F97 /* Book.swift in Sources */ = {isa = PBXBuildFile; fileRef = 724213EF261A0CBE00CA5F97 /* Book.swift */; };
		724213F3261A18C600CA5F97 /* abilityHud.png in Resources */ = {isa = PBXBuildFile; fileRef = 724213F2261A18C600CA5F97 /* abilityHud.png */; };
		724213F9261A18D000CA5F97 /* point_red.png in Resources */ = {isa = PBXBuildFile; fileRef = 724213F5261A18D000CA5F97 /* point_red.png */; };
		724213FA261A18D000CA5F97 /* point_white.png in Resources */ = {isa = PBXBuildFile; fileRef = 724213F6261A18D000CA5F97 /* point_white.png */; };
		724213FB261A18D000CA5F97 /* point_purple.png in Resources */ = {isa = PBXBuildFile; fileRef = 724213F7261A18D000CA5F97 /* point_purple.png */; };
		724213FC261A18D000CA5F97 /* point_green.png in Resources */ = {isa = PBXBuildFile; fileRef = 724213F8261A18D000CA5F97 /* point_green.png */; };
		724213FF261A18DC00CA5F97 /* AbilityHud.swift in Sources */ = {isa = PBXBuildFile; fileRef = 724213FE261A18DC00CA5F97 /* AbilityHud.swift */; };
		72421403261A194A00CA5F97 /* AbilityPoint.swift in Sources */ = {isa = PBXBuildFile; fileRef = 72421402261A194A00CA5F97 /* AbilityPoint.swift */; };
		72421407261A1A6900CA5F97 /* plusButton.png in Resources */ = {isa = PBXBuildFile; fileRef = 72421406261A1A6900CA5F97 /* plusButton.png */; };
		7242140A261A1C3B00CA5F97 /* PlusButton.swift in Sources */ = {isa = PBXBuildFile; fileRef = 72421409261A1C3B00CA5F97 /* PlusButton.swift */; };
		72727448260F761D00141766 /* Weapon.swift in Sources */ = {isa = PBXBuildFile; fileRef = 72727447260F761D00141766 /* Weapon.swift */; };
		7272744B260F774200141766 /* spear.png in Resources */ = {isa = PBXBuildFile; fileRef = 7272744A260F774200141766 /* spear.png */; };
		72727451260F84AE00141766 /* staffBullet.png in Resources */ = {isa = PBXBuildFile; fileRef = 72727450260F84AE00141766 /* staffBullet.png */; };
		7276B4ED2619F65700C4918F /* Level_4.sks in Resources */ = {isa = PBXBuildFile; fileRef = 7276B4EC2619F65700C4918F /* Level_4.sks */; };
		7276B4F02619F68300C4918F /* bedroom.png in Resources */ = {isa = PBXBuildFile; fileRef = 7276B4EF2619F68300C4918F /* bedroom.png */; };
		7279A973260D908F000EB14F /* player_forward_1.png in Resources */ = {isa = PBXBuildFile; fileRef = 7279A972260D908F000EB14F /* player_forward_1.png */; };
		7279A976260D913C000EB14F /* playerAction.sks in Resources */ = {isa = PBXBuildFile; fileRef = 7279A975260D913C000EB14F /* playerAction.sks */; };
		7279A97A260D92ED000EB14F /* player_forward_3.png in Resources */ = {isa = PBXBuildFile; fileRef = 7279A978260D92ED000EB14F /* player_forward_3.png */; };
		7279A97B260D92ED000EB14F /* player_forward_2.png in Resources */ = {isa = PBXBuildFile; fileRef = 7279A979260D92ED000EB14F /* player_forward_2.png */; };
		7279A980260D93D4000EB14F /* player_right_1.png in Resources */ = {isa = PBXBuildFile; fileRef = 7279A97D260D93D4000EB14F /* player_right_1.png */; };
		7279A981260D93D4000EB14F /* player_right_3.png in Resources */ = {isa = PBXBuildFile; fileRef = 7279A97E260D93D4000EB14F /* player_right_3.png */; };
		7279A982260D93D4000EB14F /* player_right_2.png in Resources */ = {isa = PBXBuildFile; fileRef = 7279A97F260D93D4000EB14F /* player_right_2.png */; };
		7279A987260D94A5000EB14F /* player_left_3.png in Resources */ = {isa = PBXBuildFile; fileRef = 7279A984260D94A5000EB14F /* player_left_3.png */; };
		7279A988260D94A5000EB14F /* player_left_1.png in Resources */ = {isa = PBXBuildFile; fileRef = 7279A985260D94A5000EB14F /* player_left_1.png */; };
		7279A989260D94A5000EB14F /* player_left_2.png in Resources */ = {isa = PBXBuildFile; fileRef = 7279A986260D94A5000EB14F /* player_left_2.png */; };
		7279A998260DAAC2000EB14F /* player_backward_3.png in Resources */ = {isa = PBXBuildFile; fileRef = 7279A995260DAAC1000EB14F /* player_backward_3.png */; };
		7279A999260DAAC2000EB14F /* player_backward_2.png in Resources */ = {isa = PBXBuildFile; fileRef = 7279A996260DAAC1000EB14F /* player_backward_2.png */; };
		7279A99A260DAAC2000EB14F /* player_backward_1.png in Resources */ = {isa = PBXBuildFile; fileRef = 7279A997260DAAC2000EB14F /* player_backward_1.png */; };
		7279A9B2260DDFD1000EB14F /* annieMap.png in Resources */ = {isa = PBXBuildFile; fileRef = 7279A9B1260DDFD1000EB14F /* annieMap.png */; };
		729E9417260E2FBE00DFF2D0 /* new_left_4.png in Resources */ = {isa = PBXBuildFile; fileRef = 729E9407260E2FBB00DFF2D0 /* new_left_4.png */; };
		729E9418260E2FBE00DFF2D0 /* new_forward_4.png in Resources */ = {isa = PBXBuildFile; fileRef = 729E9408260E2FBB00DFF2D0 /* new_forward_4.png */; };
		729E9419260E2FBE00DFF2D0 /* new_forward_1.png in Resources */ = {isa = PBXBuildFile; fileRef = 729E9409260E2FBB00DFF2D0 /* new_forward_1.png */; };
		729E941A260E2FBE00DFF2D0 /* new_backward_4.png in Resources */ = {isa = PBXBuildFile; fileRef = 729E940A260E2FBC00DFF2D0 /* new_backward_4.png */; };
		729E941B260E2FBE00DFF2D0 /* new_forward_3.png in Resources */ = {isa = PBXBuildFile; fileRef = 729E940B260E2FBC00DFF2D0 /* new_forward_3.png */; };
		729E941C260E2FBE00DFF2D0 /* new_forward_2.png in Resources */ = {isa = PBXBuildFile; fileRef = 729E940C260E2FBC00DFF2D0 /* new_forward_2.png */; };
		729E941D260E2FBE00DFF2D0 /* new_backward_3.png in Resources */ = {isa = PBXBuildFile; fileRef = 729E940D260E2FBD00DFF2D0 /* new_backward_3.png */; };
		729E941E260E2FBE00DFF2D0 /* new_left_1.png in Resources */ = {isa = PBXBuildFile; fileRef = 729E940E260E2FBD00DFF2D0 /* new_left_1.png */; };
		729E941F260E2FBE00DFF2D0 /* new_left_2.png in Resources */ = {isa = PBXBuildFile; fileRef = 729E940F260E2FBD00DFF2D0 /* new_left_2.png */; };
		729E9420260E2FBE00DFF2D0 /* new_right_2.png in Resources */ = {isa = PBXBuildFile; fileRef = 729E9410260E2FBE00DFF2D0 /* new_right_2.png */; };
		729E9421260E2FBE00DFF2D0 /* new_right_3.png in Resources */ = {isa = PBXBuildFile; fileRef = 729E9411260E2FBE00DFF2D0 /* new_right_3.png */; };
		729E9422260E2FBE00DFF2D0 /* new_backward_2.png in Resources */ = {isa = PBXBuildFile; fileRef = 729E9412260E2FBE00DFF2D0 /* new_backward_2.png */; };
		729E9423260E2FBE00DFF2D0 /* new_left_3.png in Resources */ = {isa = PBXBuildFile; fileRef = 729E9413260E2FBE00DFF2D0 /* new_left_3.png */; };
		729E9424260E2FBE00DFF2D0 /* new_right_4.png in Resources */ = {isa = PBXBuildFile; fileRef = 729E9414260E2FBE00DFF2D0 /* new_right_4.png */; };
		729E9425260E2FBE00DFF2D0 /* new_right_1.png in Resources */ = {isa = PBXBuildFile; fileRef = 729E9415260E2FBE00DFF2D0 /* new_right_1.png */; };
		729E9426260E2FBE00DFF2D0 /* new_backward_1.png in Resources */ = {isa = PBXBuildFile; fileRef = 729E9416260E2FBE00DFF2D0 /* new_backward_1.png */; };
		729E942F260E33CA00DFF2D0 /* portal_2.png in Resources */ = {isa = PBXBuildFile; fileRef = 729E942B260E33CA00DFF2D0 /* portal_2.png */; };
		729E9430260E33CA00DFF2D0 /* portal_3.png in Resources */ = {isa = PBXBuildFile; fileRef = 729E942C260E33CA00DFF2D0 /* portal_3.png */; };
		729E9431260E33CA00DFF2D0 /* portal_4.png in Resources */ = {isa = PBXBuildFile; fileRef = 729E942D260E33CA00DFF2D0 /* portal_4.png */; };
		729E9432260E33CA00DFF2D0 /* portal_1.png in Resources */ = {isa = PBXBuildFile; fileRef = 729E942E260E33CA00DFF2D0 /* portal_1.png */; };
		729E9437260E38A100DFF2D0 /* Level_2.sks in Resources */ = {isa = PBXBuildFile; fileRef = 729E9436260E38A100DFF2D0 /* Level_2.sks */; };
		729E943A260E38DD00DFF2D0 /* background_2.png in Resources */ = {isa = PBXBuildFile; fileRef = 729E9439260E38DD00DFF2D0 /* background_2.png */; };
		72B30114260B7E0B008063D7 /* Door.swift in Sources */ = {isa = PBXBuildFile; fileRef = 72B30113260B7E0B008063D7 /* Door.swift */; };
		72B4663D260B2A1400BC5E56 /* AppDelegate.swift in Sources */ = {isa = PBXBuildFile; fileRef = 72B4663C260B2A1400BC5E56 /* AppDelegate.swift */; };
		72B4663F260B2A1400BC5E56 /* Level_1_0.sks in Resources */ = {isa = PBXBuildFile; fileRef = 72B4663E260B2A1400BC5E56 /* Level_1_0.sks */; };
		72B46641260B2A1400BC5E56 /* Actions.sks in Resources */ = {isa = PBXBuildFile; fileRef = 72B46640260B2A1400BC5E56 /* Actions.sks */; };
		72B46643260B2A1400BC5E56 /* GameScene.swift in Sources */ = {isa = PBXBuildFile; fileRef = 72B46642260B2A1400BC5E56 /* GameScene.swift */; };
		72B46645260B2A1400BC5E56 /* GameViewController.swift in Sources */ = {isa = PBXBuildFile; fileRef = 72B46644260B2A1400BC5E56 /* GameViewController.swift */; };
		72B46648260B2A1400BC5E56 /* Main.storyboard in Resources */ = {isa = PBXBuildFile; fileRef = 72B46646260B2A1400BC5E56 /* Main.storyboard */; };
		72B46653260B2C5E00BC5E56 /* Player.swift in Sources */ = {isa = PBXBuildFile; fileRef = 72B46652260B2C5E00BC5E56 /* Player.swift */; };
		72B4BD7D260B4B570063ED38 /* bullet.png in Resources */ = {isa = PBXBuildFile; fileRef = 72B4BD7C260B4B570063ED38 /* bullet.png */; };
		72B4BD80260B4B830063ED38 /* MSButtonNode.swift in Sources */ = {isa = PBXBuildFile; fileRef = 72B4BD7F260B4B830063ED38 /* MSButtonNode.swift */; };
		72B4BD83260B4BCE0063ED38 /* Bullet.swift in Sources */ = {isa = PBXBuildFile; fileRef = 72B4BD82260B4BCE0063ED38 /* Bullet.swift */; };
		72D3A534260B522F00E65281 /* popo.png in Resources */ = {isa = PBXBuildFile; fileRef = 72D3A533260B522F00E65281 /* popo.png */; };
		72D3A537260B524D00E65281 /* Popo.swift in Sources */ = {isa = PBXBuildFile; fileRef = 72D3A536260B524D00E65281 /* Popo.swift */; };
		72D3A552260B575D00E65281 /* popo.sks in Resources */ = {isa = PBXBuildFile; fileRef = 72D3A550260B575D00E65281 /* popo.sks */; };
		72D3A553260B575D00E65281 /* Assets.xcassets in Resources */ = {isa = PBXBuildFile; fileRef = 72D3A551260B575D00E65281 /* Assets.xcassets */; };
		72D3A557260B5E8E00E65281 /* GridYX.swift in Sources */ = {isa = PBXBuildFile; fileRef = 72D3A556260B5E8E00E65281 /* GridYX.swift */; };
		72D3A55A260B618100E65281 /* Map.swift in Sources */ = {isa = PBXBuildFile; fileRef = 72D3A559260B618100E65281 /* Map.swift */; };
		72D6388326196A4700A43D41 /* npcFor_4.png in Resources */ = {isa = PBXBuildFile; fileRef = 72D6387326196A4600A43D41 /* npcFor_4.png */; };
		72D6388426196A4700A43D41 /* npcRight_1.png in Resources */ = {isa = PBXBuildFile; fileRef = 72D6387426196A4600A43D41 /* npcRight_1.png */; };
		72D6388526196A4700A43D41 /* npcLeft_1.png in Resources */ = {isa = PBXBuildFile; fileRef = 72D6387526196A4600A43D41 /* npcLeft_1.png */; };
		72D6388626196A4700A43D41 /* npcFor_3.png in Resources */ = {isa = PBXBuildFile; fileRef = 72D6387626196A4600A43D41 /* npcFor_3.png */; };
		72D6388726196A4700A43D41 /* npcBack_2.png in Resources */ = {isa = PBXBuildFile; fileRef = 72D6387726196A4600A43D41 /* npcBack_2.png */; };
		72D6388826196A4700A43D41 /* npcBack_1.png in Resources */ = {isa = PBXBuildFile; fileRef = 72D6387826196A4600A43D41 /* npcBack_1.png */; };
		72D6388926196A4700A43D41 /* npcBack_3.png in Resources */ = {isa = PBXBuildFile; fileRef = 72D6387926196A4600A43D41 /* npcBack_3.png */; };
		72D6388A26196A4700A43D41 /* npcBack_4.png in Resources */ = {isa = PBXBuildFile; fileRef = 72D6387A26196A4600A43D41 /* npcBack_4.png */; };
		72D6388B26196A4700A43D41 /* npcFor_2.png in Resources */ = {isa = PBXBuildFile; fileRef = 72D6387B26196A4600A43D41 /* npcFor_2.png */; };
		72D6388C26196A4700A43D41 /* npcLeft_2.png in Resources */ = {isa = PBXBuildFile; fileRef = 72D6387C26196A4600A43D41 /* npcLeft_2.png */; };
		72D6388D26196A4700A43D41 /* npcRight_4.png in Resources */ = {isa = PBXBuildFile; fileRef = 72D6387D26196A4600A43D41 /* npcRight_4.png */; };
		72D6388E26196A4700A43D41 /* npcLeft_4.png in Resources */ = {isa = PBXBuildFile; fileRef = 72D6387E26196A4600A43D41 /* npcLeft_4.png */; };
		72D6388F26196A4700A43D41 /* npcLeft_3.png in Resources */ = {isa = PBXBuildFile; fileRef = 72D6387F26196A4700A43D41 /* npcLeft_3.png */; };
		72D6389026196A4700A43D41 /* npcRight_2.png in Resources */ = {isa = PBXBuildFile; fileRef = 72D6388026196A4700A43D41 /* npcRight_2.png */; };
		72D6389126196A4700A43D41 /* npcRight_3.png in Resources */ = {isa = PBXBuildFile; fileRef = 72D6388126196A4700A43D41 /* npcRight_3.png */; };
		72D6389226196A4700A43D41 /* npcFor_1.png in Resources */ = {isa = PBXBuildFile; fileRef = 72D6388226196A4700A43D41 /* npcFor_1.png */; };
		72D6389526196A6F00A43D41 /* npcAction.sks in Resources */ = {isa = PBXBuildFile; fileRef = 72D6389426196A6F00A43D41 /* npcAction.sks */; };
		72D6389826196B9400A43D41 /* Npc.swift in Sources */ = {isa = PBXBuildFile; fileRef = 72D6389726196B9400A43D41 /* Npc.swift */; };
		72D6389E2619753000A43D41 /* dialogue_1.png in Resources */ = {isa = PBXBuildFile; fileRef = 72D6389A2619752F00A43D41 /* dialogue_1.png */; };
		72D6389F2619753000A43D41 /* dialogue_2.png in Resources */ = {isa = PBXBuildFile; fileRef = 72D6389B2619752F00A43D41 /* dialogue_2.png */; };
		72D638A02619753000A43D41 /* dialogue_4.png in Resources */ = {isa = PBXBuildFile; fileRef = 72D6389C2619752F00A43D41 /* dialogue_4.png */; };
		72D638A12619753000A43D41 /* dialogue_3.png in Resources */ = {isa = PBXBuildFile; fileRef = 72D6389D2619753000A43D41 /* dialogue_3.png */; };
		72D638A42619756E00A43D41 /* Dialogue.swift in Sources */ = {isa = PBXBuildFile; fileRef = 72D638A32619756E00A43D41 /* Dialogue.swift */; };
		72D638A9261978AC00A43D41 /* bigDialogue.png in Resources */ = {isa = PBXBuildFile; fileRef = 72D638A8261978AC00A43D41 /* bigDialogue.png */; };
		72D638AC261978B700A43D41 /* BigDialogue.swift in Sources */ = {isa = PBXBuildFile; fileRef = 72D638AB261978B700A43D41 /* BigDialogue.swift */; };
		72D638AF26197FE200A43D41 /* Word.swift in Sources */ = {isa = PBXBuildFile; fileRef = 72D638AE26197FE200A43D41 /* Word.swift */; };
		72D704D3260F5E54007326C3 /* Num.swift in Sources */ = {isa = PBXBuildFile; fileRef = 72D704D2260F5E54007326C3 /* Num.swift */; };
		72DC0FEF2615C55D006E7AA1 /* staff.png in Resources */ = {isa = PBXBuildFile; fileRef = 72DC0FEE2615C55D006E7AA1 /* staff.png */; };
		72E48411260EEAC800D1C2DA /* Level_1_1.sks in Resources */ = {isa = PBXBuildFile; fileRef = 72E48410260EEAC800D1C2DA /* Level_1_1.sks */; };
		72E48414260EEB2200D1C2DA /* background_3.png in Resources */ = {isa = PBXBuildFile; fileRef = 72E48413260EEB2100D1C2DA /* background_3.png */; };
		72E48417260EEDAA00D1C2DA /* background_4.png in Resources */ = {isa = PBXBuildFile; fileRef = 72E48416260EEDA900D1C2DA /* background_4.png */; };
		72E4841A260EEDD100D1C2DA /* background_5.png in Resources */ = {isa = PBXBuildFile; fileRef = 72E48419260EEDD100D1C2DA /* background_5.png */; };
		72E4841D260EEDE800D1C2DA /* Level_1_2.sks in Resources */ = {isa = PBXBuildFile; fileRef = 72E4841C260EEDE800D1C2DA /* Level_1_2.sks */; };
		72E48420260EEE5000D1C2DA /* Level_1_3.sks in Resources */ = {isa = PBXBuildFile; fileRef = 72E4841F260EEE5000D1C2DA /* Level_1_3.sks */; };
		72E48425260EF26500D1C2DA /* background_1.png in Resources */ = {isa = PBXBuildFile; fileRef = 72E48424260EF26400D1C2DA /* background_1.png */; };
		72E48428260EF83D00D1C2DA /* background_6.png in Resources */ = {isa = PBXBuildFile; fileRef = 72E48427260EF83D00D1C2DA /* background_6.png */; };
		72E4842B260EF85700D1C2DA /* Level_3.sks in Resources */ = {isa = PBXBuildFile; fileRef = 72E4842A260EF85700D1C2DA /* Level_3.sks */; };
		72E4842F260EFCA000D1C2DA /* background_7.png in Resources */ = {isa = PBXBuildFile; fileRef = 72E4842E260EFCA000D1C2DA /* background_7.png */; };
		72E48432260EFCAF00D1C2DA /* Level_1_4.sks in Resources */ = {isa = PBXBuildFile; fileRef = 72E48431260EFCAF00D1C2DA /* Level_1_4.sks */; };
		72E48435260EFEE700D1C2DA /* background_8.png in Resources */ = {isa = PBXBuildFile; fileRef = 72E48434260EFEE700D1C2DA /* background_8.png */; };
		72E48438260EFEFC00D1C2DA /* Level_1_5.sks in Resources */ = {isa = PBXBuildFile; fileRef = 72E48437260EFEFC00D1C2DA /* Level_1_5.sks */; };
		72E4843B260F051600D1C2DA /* background_9.png in Resources */ = {isa = PBXBuildFile; fileRef = 72E4843A260F051600D1C2DA /* background_9.png */; };
		72E4843E260F052600D1C2DA /* Level_1_6.sks in Resources */ = {isa = PBXBuildFile; fileRef = 72E4843D260F052600D1C2DA /* Level_1_6.sks */; };
		72E48443260F0F7000D1C2DA /* Log.swift in Sources */ = {isa = PBXBuildFile; fileRef = 72E48442260F0F7000D1C2DA /* Log.swift */; };
		72E48456260F110600D1C2DA /* log_backward_1.png in Resources */ = {isa = PBXBuildFile; fileRef = 72E48446260F110500D1C2DA /* log_backward_1.png */; };
		72E48457260F110600D1C2DA /* log_forward_3.png in Resources */ = {isa = PBXBuildFile; fileRef = 72E48447260F110500D1C2DA /* log_forward_3.png */; };
		72E48458260F110600D1C2DA /* log_backward_4.png in Resources */ = {isa = PBXBuildFile; fileRef = 72E48448260F110500D1C2DA /* log_backward_4.png */; };
		72E48459260F110600D1C2DA /* log_left_2.png in Resources */ = {isa = PBXBuildFile; fileRef = 72E48449260F110500D1C2DA /* log_left_2.png */; };
		72E4845A260F110600D1C2DA /* log_backward_3.png in Resources */ = {isa = PBXBuildFile; fileRef = 72E4844A260F110500D1C2DA /* log_backward_3.png */; };
		72E4845B260F110600D1C2DA /* log_forward_2.png in Resources */ = {isa = PBXBuildFile; fileRef = 72E4844B260F110500D1C2DA /* log_forward_2.png */; };
		72E4845D260F110600D1C2DA /* log_forward_1.png in Resources */ = {isa = PBXBuildFile; fileRef = 72E4844D260F110500D1C2DA /* log_forward_1.png */; };
		72E4845E260F110600D1C2DA /* log_left_1.png in Resources */ = {isa = PBXBuildFile; fileRef = 72E4844E260F110600D1C2DA /* log_left_1.png */; };
		72E4845F260F110600D1C2DA /* log_left_3.png in Resources */ = {isa = PBXBuildFile; fileRef = 72E4844F260F110600D1C2DA /* log_left_3.png */; };
		72E48460260F110600D1C2DA /* log_left_4.png in Resources */ = {isa = PBXBuildFile; fileRef = 72E48450260F110600D1C2DA /* log_left_4.png */; };
		72E48461260F110600D1C2DA /* log_backward_2.png in Resources */ = {isa = PBXBuildFile; fileRef = 72E48451260F110600D1C2DA /* log_backward_2.png */; };
		72E48464260F110600D1C2DA /* log_forward_4.png in Resources */ = {isa = PBXBuildFile; fileRef = 72E48454260F110600D1C2DA /* log_forward_4.png */; };
		72E48468260F11D700D1C2DA /* monsterAction.sks in Resources */ = {isa = PBXBuildFile; fileRef = 72E48467260F11D700D1C2DA /* monsterAction.sks */; };
		72E48478260F2F2800D1C2DA /* log_right_2.png in Resources */ = {isa = PBXBuildFile; fileRef = 72E48474260F2F2800D1C2DA /* log_right_2.png */; };
		72E48479260F2F2800D1C2DA /* log_right_1.png in Resources */ = {isa = PBXBuildFile; fileRef = 72E48475260F2F2800D1C2DA /* log_right_1.png */; };
		72E4847A260F2F2800D1C2DA /* log_right_3.png in Resources */ = {isa = PBXBuildFile; fileRef = 72E48476260F2F2800D1C2DA /* log_right_3.png */; };
		72E4847B260F2F2800D1C2DA /* log_right_4.png in Resources */ = {isa = PBXBuildFile; fileRef = 72E48477260F2F2800D1C2DA /* log_right_4.png */; };
		72E4848F260F338C00D1C2DA /* exp_background.png in Resources */ = {isa = PBXBuildFile; fileRef = 72E4847D260F338A00D1C2DA /* exp_background.png */; };
		72E48490260F338C00D1C2DA /* heart_1.png in Resources */ = {isa = PBXBuildFile; fileRef = 72E4847E260F338B00D1C2DA /* heart_1.png */; };
		72E48491260F338C00D1C2DA /* money_background.png in Resources */ = {isa = PBXBuildFile; fileRef = 72E4847F260F338B00D1C2DA /* money_background.png */; };
		72E48492260F338C00D1C2DA /* three.png in Resources */ = {isa = PBXBuildFile; fileRef = 72E48480260F338B00D1C2DA /* three.png */; };
		72E48493260F338C00D1C2DA /* two.png in Resources */ = {isa = PBXBuildFile; fileRef = 72E48481260F338B00D1C2DA /* two.png */; };
		72E48494260F338C00D1C2DA /* eight.png in Resources */ = {isa = PBXBuildFile; fileRef = 72E48482260F338B00D1C2DA /* eight.png */; };
		72E48495260F338C00D1C2DA /* heart_3.png in Resources */ = {isa = PBXBuildFile; fileRef = 72E48483260F338B00D1C2DA /* heart_3.png */; };
		72E48496260F338C00D1C2DA /* nine.png in Resources */ = {isa = PBXBuildFile; fileRef = 72E48484260F338B00D1C2DA /* nine.png */; };
		72E48497260F338C00D1C2DA /* seven.png in Resources */ = {isa = PBXBuildFile; fileRef = 72E48485260F338B00D1C2DA /* seven.png */; };
		72E48498260F338C00D1C2DA /* five.png in Resources */ = {isa = PBXBuildFile; fileRef = 72E48486260F338B00D1C2DA /* five.png */; };
		72E48499260F338C00D1C2DA /* exp.png in Resources */ = {isa = PBXBuildFile; fileRef = 72E48487260F338B00D1C2DA /* exp.png */; };
		72E4849A260F338C00D1C2DA /* four.png in Resources */ = {isa = PBXBuildFile; fileRef = 72E48488260F338B00D1C2DA /* four.png */; };
		72E4849C260F338C00D1C2DA /* one.png in Resources */ = {isa = PBXBuildFile; fileRef = 72E4848A260F338B00D1C2DA /* one.png */; };
		72E4849D260F338C00D1C2DA /* zero.png in Resources */ = {isa = PBXBuildFile; fileRef = 72E4848B260F338B00D1C2DA /* zero.png */; };
		72E4849E260F338C00D1C2DA /* six.png in Resources */ = {isa = PBXBuildFile; fileRef = 72E4848C260F338C00D1C2DA /* six.png */; };
		72E4849F260F338C00D1C2DA /* heart_0.png in Resources */ = {isa = PBXBuildFile; fileRef = 72E4848D260F338C00D1C2DA /* heart_0.png */; };
		72E484A0260F338C00D1C2DA /* heart_4.png in Resources */ = {isa = PBXBuildFile; fileRef = 72E4848E260F338C00D1C2DA /* heart_4.png */; };
		72E484A7260F435800D1C2DA /* Heart.swift in Sources */ = {isa = PBXBuildFile; fileRef = 72E484A6260F435800D1C2DA /* Heart.swift */; };
		72E484AB260F43AA00D1C2DA /* heart_2.png in Resources */ = {isa = PBXBuildFile; fileRef = 72E484AA260F43AA00D1C2DA /* heart_2.png */; };
/* End PBXBuildFile section */

/* Begin PBXFileReference section */
		7203E1C0260B2E68006FFD40 /* handlerBackground.png */ = {isa = PBXFileReference; lastKnownFileType = image.png; path = handlerBackground.png; sourceTree = "<group>"; };
		7203E1C6260B3CCA006FFD40 /* Extension.swift */ = {isa = PBXFileReference; fileEncoding = 4; lastKnownFileType = sourcecode.swift; path = Extension.swift; sourceTree = "<group>"; };
		720A424926174C44002D589C /* hit.wav */ = {isa = PBXFileReference; lastKnownFileType = audio.wav; path = hit.wav; sourceTree = "<group>"; };
		720A424C26189C30002D589C /* attack_1.png */ = {isa = PBXFileReference; lastKnownFileType = image.png; path = attack_1.png; sourceTree = "<group>"; };
		720A424D26189C31002D589C /* attack_3.png */ = {isa = PBXFileReference; lastKnownFileType = image.png; path = attack_3.png; sourceTree = "<group>"; };
		720A424E26189C31002D589C /* attack_4.png */ = {isa = PBXFileReference; lastKnownFileType = image.png; path = attack_4.png; sourceTree = "<group>"; };
		720A424F26189C31002D589C /* attack_2.png */ = {isa = PBXFileReference; lastKnownFileType = image.png; path = attack_2.png; sourceTree = "<group>"; };
		720A425026189C31002D589C /* attack_5.png */ = {isa = PBXFileReference; lastKnownFileType = image.png; path = attack_5.png; sourceTree = "<group>"; };
		720A425726189E7D002D589C /* AttackPoint.swift */ = {isa = PBXFileReference; lastKnownFileType = sourcecode.swift; path = AttackPoint.swift; sourceTree = "<group>"; };
		720A425A2618A81C002D589C /* fire_2.png */ = {isa = PBXFileReference; lastKnownFileType = image.png; path = fire_2.png; sourceTree = "<group>"; };
		720A425B2618A81C002D589C /* fire_6.png */ = {isa = PBXFileReference; lastKnownFileType = image.png; path = fire_6.png; sourceTree = "<group>"; };
		720A425C2618A81C002D589C /* fire_7.png */ = {isa = PBXFileReference; lastKnownFileType = image.png; path = fire_7.png; sourceTree = "<group>"; };
		720A425D2618A81C002D589C /* fire_1.png */ = {isa = PBXFileReference; lastKnownFileType = image.png; path = fire_1.png; sourceTree = "<group>"; };
		720A425E2618A81D002D589C /* fire_4.png */ = {isa = PBXFileReference; lastKnownFileType = image.png; path = fire_4.png; sourceTree = "<group>"; };
		720A425F2618A81D002D589C /* fire_5.png */ = {isa = PBXFileReference; lastKnownFileType = image.png; path = fire_5.png; sourceTree = "<group>"; };
		720A42602618A81D002D589C /* fire_3.png */ = {isa = PBXFileReference; lastKnownFileType = image.png; path = fire_3.png; sourceTree = "<group>"; };
		720A42692618C7C0002D589C /* logDie_2.png */ = {isa = PBXFileReference; lastKnownFileType = image.png; path = logDie_2.png; sourceTree = "<group>"; };
		720A426A2618C7C0002D589C /* logDie_1.png */ = {isa = PBXFileReference; lastKnownFileType = image.png; path = logDie_1.png; sourceTree = "<group>"; };
		720A426B2618C7C0002D589C /* logDie_4.png */ = {isa = PBXFileReference; lastKnownFileType = image.png; path = logDie_4.png; sourceTree = "<group>"; };
		720A426C2618C7C0002D589C /* logDie_3.png */ = {isa = PBXFileReference; lastKnownFileType = image.png; path = logDie_3.png; sourceTree = "<group>"; };
		720A42722618CBE9002D589C /* bomb_1.png */ = {isa = PBXFileReference; lastKnownFileType = image.png; path = bomb_1.png; sourceTree = "<group>"; };
		720A42732618CBE9002D589C /* bomb_3.png */ = {isa = PBXFileReference; lastKnownFileType = image.png; path = bomb_3.png; sourceTree = "<group>"; };
		720A42742618CBE9002D589C /* bomb_4.png */ = {isa = PBXFileReference; lastKnownFileType = image.png; path = bomb_4.png; sourceTree = "<group>"; };
		720A42752618CBE9002D589C /* bomb_7.png */ = {isa = PBXFileReference; lastKnownFileType = image.png; path = bomb_7.png; sourceTree = "<group>"; };
		720A42762618CBE9002D589C /* bomb_5.png */ = {isa = PBXFileReference; lastKnownFileType = image.png; path = bomb_5.png; sourceTree = "<group>"; };
		720A42772618CBE9002D589C /* bomb_6.png */ = {isa = PBXFileReference; lastKnownFileType = image.png; path = bomb_6.png; sourceTree = "<group>"; };
		720A42782618CBE9002D589C /* bomb_2.png */ = {isa = PBXFileReference; lastKnownFileType = image.png; path = bomb_2.png; sourceTree = "<group>"; };
		720A42812618CD0D002D589C /* tomb.png */ = {isa = PBXFileReference; lastKnownFileType = image.png; path = tomb.png; sourceTree = "<group>"; };
		720A42842618CD1E002D589C /* Tomb.swift */ = {isa = PBXFileReference; lastKnownFileType = sourcecode.swift; path = Tomb.swift; sourceTree = "<group>"; };
		722F7064260C8B75009EB2D1 /* gray.png */ = {isa = PBXFileReference; lastKnownFileType = image.png; path = gray.png; sourceTree = "<group>"; };
		724213D2261A064700CA5F97 /* box_4.png */ = {isa = PBXFileReference; lastKnownFileType = image.png; path = box_4.png; sourceTree = "<group>"; };
		724213D3261A064700CA5F97 /* box_3.png */ = {isa = PBXFileReference; lastKnownFileType = image.png; path = box_3.png; sourceTree = "<group>"; };
		724213D4261A064700CA5F97 /* box_2.png */ = {isa = PBXFileReference; lastKnownFileType = image.png; path = box_2.png; sourceTree = "<group>"; };
		724213D5261A064700CA5F97 /* box_1.png */ = {isa = PBXFileReference; lastKnownFileType = image.png; path = box_1.png; sourceTree = "<group>"; };
		724213DB261A069600CA5F97 /* ObjectAction.sks */ = {isa = PBXFileReference; lastKnownFileType = file.sks; path = ObjectAction.sks; sourceTree = "<group>"; };
		724213DF261A091400CA5F97 /* Box.swift */ = {isa = PBXFileReference; lastKnownFileType = sourcecode.swift; path = Box.swift; sourceTree = "<group>"; };
		724213E2261A0CB200CA5F97 /* book_4.png */ = {isa = PBXFileReference; lastKnownFileType = image.png; path = book_4.png; sourceTree = "<group>"; };
		724213E3261A0CB200CA5F97 /* book_3.png */ = {isa = PBXFileReference; lastKnownFileType = image.png; path = book_3.png; sourceTree = "<group>"; };
		724213E4261A0CB300CA5F97 /* book_2.png */ = {isa = PBXFileReference; lastKnownFileType = image.png; path = book_2.png; sourceTree = "<group>"; };
		724213E5261A0CB300CA5F97 /* platform.png */ = {isa = PBXFileReference; lastKnownFileType = image.png; path = platform.png; sourceTree = "<group>"; };
		724213E6261A0CB300CA5F97 /* book_1.png */ = {isa = PBXFileReference; lastKnownFileType = image.png; path = book_1.png; sourceTree = "<group>"; };
		724213E7261A0CB300CA5F97 /* book_5.png */ = {isa = PBXFileReference; lastKnownFileType = image.png; path = book_5.png; sourceTree = "<group>"; };
		724213EF261A0CBE00CA5F97 /* Book.swift */ = {isa = PBXFileReference; lastKnownFileType = sourcecode.swift; path = Book.swift; sourceTree = "<group>"; };
		724213F2261A18C600CA5F97 /* abilityHud.png */ = {isa = PBXFileReference; lastKnownFileType = image.png; path = abilityHud.png; sourceTree = "<group>"; };
		724213F5261A18D000CA5F97 /* point_red.png */ = {isa = PBXFileReference; lastKnownFileType = image.png; path = point_red.png; sourceTree = "<group>"; };
		724213F6261A18D000CA5F97 /* point_white.png */ = {isa = PBXFileReference; lastKnownFileType = image.png; path = point_white.png; sourceTree = "<group>"; };
		724213F7261A18D000CA5F97 /* point_purple.png */ = {isa = PBXFileReference; lastKnownFileType = image.png; path = point_purple.png; sourceTree = "<group>"; };
		724213F8261A18D000CA5F97 /* point_green.png */ = {isa = PBXFileReference; lastKnownFileType = image.png; path = point_green.png; sourceTree = "<group>"; };
		724213FE261A18DC00CA5F97 /* AbilityHud.swift */ = {isa = PBXFileReference; lastKnownFileType = sourcecode.swift; path = AbilityHud.swift; sourceTree = "<group>"; };
		72421402261A194A00CA5F97 /* AbilityPoint.swift */ = {isa = PBXFileReference; lastKnownFileType = sourcecode.swift; path = AbilityPoint.swift; sourceTree = "<group>"; };
		72421406261A1A6900CA5F97 /* plusButton.png */ = {isa = PBXFileReference; lastKnownFileType = image.png; path = plusButton.png; sourceTree = "<group>"; };
		72421409261A1C3B00CA5F97 /* PlusButton.swift */ = {isa = PBXFileReference; lastKnownFileType = sourcecode.swift; path = PlusButton.swift; sourceTree = "<group>"; };
		72727447260F761D00141766 /* Weapon.swift */ = {isa = PBXFileReference; lastKnownFileType = sourcecode.swift; path = Weapon.swift; sourceTree = "<group>"; };
		7272744A260F774200141766 /* spear.png */ = {isa = PBXFileReference; lastKnownFileType = image.png; path = spear.png; sourceTree = "<group>"; };
		72727450260F84AE00141766 /* staffBullet.png */ = {isa = PBXFileReference; lastKnownFileType = image.png; path = staffBullet.png; sourceTree = "<group>"; };
		7276B4EC2619F65700C4918F /* Level_4.sks */ = {isa = PBXFileReference; lastKnownFileType = file.sks; path = Level_4.sks; sourceTree = "<group>"; };
		7276B4EF2619F68300C4918F /* bedroom.png */ = {isa = PBXFileReference; lastKnownFileType = image.png; path = bedroom.png; sourceTree = "<group>"; };
		7279A972260D908F000EB14F /* player_forward_1.png */ = {isa = PBXFileReference; lastKnownFileType = image.png; path = player_forward_1.png; sourceTree = "<group>"; };
		7279A975260D913C000EB14F /* playerAction.sks */ = {isa = PBXFileReference; lastKnownFileType = file.sks; path = playerAction.sks; sourceTree = "<group>"; };
		7279A978260D92ED000EB14F /* player_forward_3.png */ = {isa = PBXFileReference; lastKnownFileType = image.png; path = player_forward_3.png; sourceTree = "<group>"; };
		7279A979260D92ED000EB14F /* player_forward_2.png */ = {isa = PBXFileReference; lastKnownFileType = image.png; path = player_forward_2.png; sourceTree = "<group>"; };
		7279A97D260D93D4000EB14F /* player_right_1.png */ = {isa = PBXFileReference; lastKnownFileType = image.png; path = player_right_1.png; sourceTree = "<group>"; };
		7279A97E260D93D4000EB14F /* player_right_3.png */ = {isa = PBXFileReference; lastKnownFileType = image.png; path = player_right_3.png; sourceTree = "<group>"; };
		7279A97F260D93D4000EB14F /* player_right_2.png */ = {isa = PBXFileReference; lastKnownFileType = image.png; path = player_right_2.png; sourceTree = "<group>"; };
		7279A984260D94A5000EB14F /* player_left_3.png */ = {isa = PBXFileReference; lastKnownFileType = image.png; path = player_left_3.png; sourceTree = "<group>"; };
		7279A985260D94A5000EB14F /* player_left_1.png */ = {isa = PBXFileReference; lastKnownFileType = image.png; path = player_left_1.png; sourceTree = "<group>"; };
		7279A986260D94A5000EB14F /* player_left_2.png */ = {isa = PBXFileReference; lastKnownFileType = image.png; path = player_left_2.png; sourceTree = "<group>"; };
		7279A995260DAAC1000EB14F /* player_backward_3.png */ = {isa = PBXFileReference; lastKnownFileType = image.png; path = player_backward_3.png; sourceTree = "<group>"; };
		7279A996260DAAC1000EB14F /* player_backward_2.png */ = {isa = PBXFileReference; lastKnownFileType = image.png; path = player_backward_2.png; sourceTree = "<group>"; };
		7279A997260DAAC2000EB14F /* player_backward_1.png */ = {isa = PBXFileReference; lastKnownFileType = image.png; path = player_backward_1.png; sourceTree = "<group>"; };
		7279A9B1260DDFD1000EB14F /* annieMap.png */ = {isa = PBXFileReference; lastKnownFileType = image.png; path = annieMap.png; sourceTree = "<group>"; };
		729E9407260E2FBB00DFF2D0 /* new_left_4.png */ = {isa = PBXFileReference; lastKnownFileType = image.png; path = new_left_4.png; sourceTree = "<group>"; };
		729E9408260E2FBB00DFF2D0 /* new_forward_4.png */ = {isa = PBXFileReference; lastKnownFileType = image.png; path = new_forward_4.png; sourceTree = "<group>"; };
		729E9409260E2FBB00DFF2D0 /* new_forward_1.png */ = {isa = PBXFileReference; lastKnownFileType = image.png; path = new_forward_1.png; sourceTree = "<group>"; };
		729E940A260E2FBC00DFF2D0 /* new_backward_4.png */ = {isa = PBXFileReference; lastKnownFileType = image.png; path = new_backward_4.png; sourceTree = "<group>"; };
		729E940B260E2FBC00DFF2D0 /* new_forward_3.png */ = {isa = PBXFileReference; lastKnownFileType = image.png; path = new_forward_3.png; sourceTree = "<group>"; };
		729E940C260E2FBC00DFF2D0 /* new_forward_2.png */ = {isa = PBXFileReference; lastKnownFileType = image.png; path = new_forward_2.png; sourceTree = "<group>"; };
		729E940D260E2FBD00DFF2D0 /* new_backward_3.png */ = {isa = PBXFileReference; lastKnownFileType = image.png; path = new_backward_3.png; sourceTree = "<group>"; };
		729E940E260E2FBD00DFF2D0 /* new_left_1.png */ = {isa = PBXFileReference; lastKnownFileType = image.png; path = new_left_1.png; sourceTree = "<group>"; };
		729E940F260E2FBD00DFF2D0 /* new_left_2.png */ = {isa = PBXFileReference; lastKnownFileType = image.png; path = new_left_2.png; sourceTree = "<group>"; };
		729E9410260E2FBE00DFF2D0 /* new_right_2.png */ = {isa = PBXFileReference; lastKnownFileType = image.png; path = new_right_2.png; sourceTree = "<group>"; };
		729E9411260E2FBE00DFF2D0 /* new_right_3.png */ = {isa = PBXFileReference; lastKnownFileType = image.png; path = new_right_3.png; sourceTree = "<group>"; };
		729E9412260E2FBE00DFF2D0 /* new_backward_2.png */ = {isa = PBXFileReference; lastKnownFileType = image.png; path = new_backward_2.png; sourceTree = "<group>"; };
		729E9413260E2FBE00DFF2D0 /* new_left_3.png */ = {isa = PBXFileReference; lastKnownFileType = image.png; path = new_left_3.png; sourceTree = "<group>"; };
		729E9414260E2FBE00DFF2D0 /* new_right_4.png */ = {isa = PBXFileReference; lastKnownFileType = image.png; path = new_right_4.png; sourceTree = "<group>"; };
		729E9415260E2FBE00DFF2D0 /* new_right_1.png */ = {isa = PBXFileReference; lastKnownFileType = image.png; path = new_right_1.png; sourceTree = "<group>"; };
		729E9416260E2FBE00DFF2D0 /* new_backward_1.png */ = {isa = PBXFileReference; lastKnownFileType = image.png; path = new_backward_1.png; sourceTree = "<group>"; };
		729E942B260E33CA00DFF2D0 /* portal_2.png */ = {isa = PBXFileReference; lastKnownFileType = image.png; path = portal_2.png; sourceTree = "<group>"; };
		729E942C260E33CA00DFF2D0 /* portal_3.png */ = {isa = PBXFileReference; lastKnownFileType = image.png; path = portal_3.png; sourceTree = "<group>"; };
		729E942D260E33CA00DFF2D0 /* portal_4.png */ = {isa = PBXFileReference; lastKnownFileType = image.png; path = portal_4.png; sourceTree = "<group>"; };
		729E942E260E33CA00DFF2D0 /* portal_1.png */ = {isa = PBXFileReference; lastKnownFileType = image.png; path = portal_1.png; sourceTree = "<group>"; };
		729E9436260E38A100DFF2D0 /* Level_2.sks */ = {isa = PBXFileReference; lastKnownFileType = file.sks; path = Level_2.sks; sourceTree = "<group>"; };
		729E9439260E38DD00DFF2D0 /* background_2.png */ = {isa = PBXFileReference; lastKnownFileType = image.png; path = background_2.png; sourceTree = "<group>"; };
		72B30113260B7E0B008063D7 /* Door.swift */ = {isa = PBXFileReference; lastKnownFileType = sourcecode.swift; path = Door.swift; sourceTree = "<group>"; };
		72B46639260B2A1400BC5E56 /* satanAnt.app */ = {isa = PBXFileReference; explicitFileType = wrapper.application; includeInIndex = 0; path = satanAnt.app; sourceTree = BUILT_PRODUCTS_DIR; };
		72B4663C260B2A1400BC5E56 /* AppDelegate.swift */ = {isa = PBXFileReference; lastKnownFileType = sourcecode.swift; path = AppDelegate.swift; sourceTree = "<group>"; };
		72B4663E260B2A1400BC5E56 /* Level_1_0.sks */ = {isa = PBXFileReference; lastKnownFileType = file.sks; path = Level_1_0.sks; sourceTree = "<group>"; };
		72B46640260B2A1400BC5E56 /* Actions.sks */ = {isa = PBXFileReference; lastKnownFileType = file.sks; path = Actions.sks; sourceTree = "<group>"; };
		72B46642260B2A1400BC5E56 /* GameScene.swift */ = {isa = PBXFileReference; lastKnownFileType = sourcecode.swift; path = GameScene.swift; sourceTree = "<group>"; };
		72B46644260B2A1400BC5E56 /* GameViewController.swift */ = {isa = PBXFileReference; lastKnownFileType = sourcecode.swift; path = GameViewController.swift; sourceTree = "<group>"; };
		72B46647260B2A1400BC5E56 /* Base */ = {isa = PBXFileReference; lastKnownFileType = file.storyboard; name = Base; path = Base.lproj/Main.storyboard; sourceTree = "<group>"; };
		72B4664B260B2A1500BC5E56 /* Info.plist */ = {isa = PBXFileReference; lastKnownFileType = text.plist.xml; path = Info.plist; sourceTree = "<group>"; };
		72B46652260B2C5E00BC5E56 /* Player.swift */ = {isa = PBXFileReference; lastKnownFileType = sourcecode.swift; path = Player.swift; sourceTree = "<group>"; };
		72B4BD7C260B4B570063ED38 /* bullet.png */ = {isa = PBXFileReference; lastKnownFileType = image.png; path = bullet.png; sourceTree = "<group>"; };
		72B4BD7F260B4B830063ED38 /* MSButtonNode.swift */ = {isa = PBXFileReference; fileEncoding = 4; lastKnownFileType = sourcecode.swift; path = MSButtonNode.swift; sourceTree = "<group>"; };
		72B4BD82260B4BCE0063ED38 /* Bullet.swift */ = {isa = PBXFileReference; lastKnownFileType = sourcecode.swift; path = Bullet.swift; sourceTree = "<group>"; };
		72D3A533260B522F00E65281 /* popo.png */ = {isa = PBXFileReference; lastKnownFileType = image.png; path = popo.png; sourceTree = "<group>"; };
		72D3A536260B524D00E65281 /* Popo.swift */ = {isa = PBXFileReference; lastKnownFileType = sourcecode.swift; path = Popo.swift; sourceTree = "<group>"; };
		72D3A550260B575D00E65281 /* popo.sks */ = {isa = PBXFileReference; lastKnownFileType = file.sks; path = popo.sks; sourceTree = "<group>"; };
		72D3A551260B575D00E65281 /* Assets.xcassets */ = {isa = PBXFileReference; lastKnownFileType = folder.assetcatalog; path = Assets.xcassets; sourceTree = "<group>"; };
		72D3A556260B5E8E00E65281 /* GridYX.swift */ = {isa = PBXFileReference; lastKnownFileType = sourcecode.swift; path = GridYX.swift; sourceTree = "<group>"; };
		72D3A559260B618100E65281 /* Map.swift */ = {isa = PBXFileReference; lastKnownFileType = sourcecode.swift; path = Map.swift; sourceTree = "<group>"; };
		72D6387326196A4600A43D41 /* npcFor_4.png */ = {isa = PBXFileReference; lastKnownFileType = image.png; path = npcFor_4.png; sourceTree = "<group>"; };
		72D6387426196A4600A43D41 /* npcRight_1.png */ = {isa = PBXFileReference; lastKnownFileType = image.png; path = npcRight_1.png; sourceTree = "<group>"; };
		72D6387526196A4600A43D41 /* npcLeft_1.png */ = {isa = PBXFileReference; lastKnownFileType = image.png; path = npcLeft_1.png; sourceTree = "<group>"; };
		72D6387626196A4600A43D41 /* npcFor_3.png */ = {isa = PBXFileReference; lastKnownFileType = image.png; path = npcFor_3.png; sourceTree = "<group>"; };
		72D6387726196A4600A43D41 /* npcBack_2.png */ = {isa = PBXFileReference; lastKnownFileType = image.png; path = npcBack_2.png; sourceTree = "<group>"; };
		72D6387826196A4600A43D41 /* npcBack_1.png */ = {isa = PBXFileReference; lastKnownFileType = image.png; path = npcBack_1.png; sourceTree = "<group>"; };
		72D6387926196A4600A43D41 /* npcBack_3.png */ = {isa = PBXFileReference; lastKnownFileType = image.png; path = npcBack_3.png; sourceTree = "<group>"; };
		72D6387A26196A4600A43D41 /* npcBack_4.png */ = {isa = PBXFileReference; lastKnownFileType = image.png; path = npcBack_4.png; sourceTree = "<group>"; };
		72D6387B26196A4600A43D41 /* npcFor_2.png */ = {isa = PBXFileReference; lastKnownFileType = image.png; path = npcFor_2.png; sourceTree = "<group>"; };
		72D6387C26196A4600A43D41 /* npcLeft_2.png */ = {isa = PBXFileReference; lastKnownFileType = image.png; path = npcLeft_2.png; sourceTree = "<group>"; };
		72D6387D26196A4600A43D41 /* npcRight_4.png */ = {isa = PBXFileReference; lastKnownFileType = image.png; path = npcRight_4.png; sourceTree = "<group>"; };
		72D6387E26196A4600A43D41 /* npcLeft_4.png */ = {isa = PBXFileReference; lastKnownFileType = image.png; path = npcLeft_4.png; sourceTree = "<group>"; };
		72D6387F26196A4700A43D41 /* npcLeft_3.png */ = {isa = PBXFileReference; lastKnownFileType = image.png; path = npcLeft_3.png; sourceTree = "<group>"; };
		72D6388026196A4700A43D41 /* npcRight_2.png */ = {isa = PBXFileReference; lastKnownFileType = image.png; path = npcRight_2.png; sourceTree = "<group>"; };
		72D6388126196A4700A43D41 /* npcRight_3.png */ = {isa = PBXFileReference; lastKnownFileType = image.png; path = npcRight_3.png; sourceTree = "<group>"; };
		72D6388226196A4700A43D41 /* npcFor_1.png */ = {isa = PBXFileReference; lastKnownFileType = image.png; path = npcFor_1.png; sourceTree = "<group>"; };
		72D6389426196A6F00A43D41 /* npcAction.sks */ = {isa = PBXFileReference; lastKnownFileType = file.sks; path = npcAction.sks; sourceTree = "<group>"; };
		72D6389726196B9400A43D41 /* Npc.swift */ = {isa = PBXFileReference; lastKnownFileType = sourcecode.swift; path = Npc.swift; sourceTree = "<group>"; };
		72D6389A2619752F00A43D41 /* dialogue_1.png */ = {isa = PBXFileReference; lastKnownFileType = image.png; path = dialogue_1.png; sourceTree = "<group>"; };
		72D6389B2619752F00A43D41 /* dialogue_2.png */ = {isa = PBXFileReference; lastKnownFileType = image.png; path = dialogue_2.png; sourceTree = "<group>"; };
		72D6389C2619752F00A43D41 /* dialogue_4.png */ = {isa = PBXFileReference; lastKnownFileType = image.png; path = dialogue_4.png; sourceTree = "<group>"; };
		72D6389D2619753000A43D41 /* dialogue_3.png */ = {isa = PBXFileReference; lastKnownFileType = image.png; path = dialogue_3.png; sourceTree = "<group>"; };
		72D638A32619756E00A43D41 /* Dialogue.swift */ = {isa = PBXFileReference; lastKnownFileType = sourcecode.swift; path = Dialogue.swift; sourceTree = "<group>"; };
		72D638A8261978AC00A43D41 /* bigDialogue.png */ = {isa = PBXFileReference; lastKnownFileType = image.png; path = bigDialogue.png; sourceTree = "<group>"; };
		72D638AB261978B700A43D41 /* BigDialogue.swift */ = {isa = PBXFileReference; lastKnownFileType = sourcecode.swift; path = BigDialogue.swift; sourceTree = "<group>"; };
		72D638AE26197FE200A43D41 /* Word.swift */ = {isa = PBXFileReference; lastKnownFileType = sourcecode.swift; path = Word.swift; sourceTree = "<group>"; };
		72D704D2260F5E54007326C3 /* Num.swift */ = {isa = PBXFileReference; lastKnownFileType = sourcecode.swift; path = Num.swift; sourceTree = "<group>"; };
		72DC0FEE2615C55D006E7AA1 /* staff.png */ = {isa = PBXFileReference; lastKnownFileType = image.png; path = staff.png; sourceTree = "<group>"; };
		72E48410260EEAC800D1C2DA /* Level_1_1.sks */ = {isa = PBXFileReference; lastKnownFileType = file.sks; path = Level_1_1.sks; sourceTree = "<group>"; };
		72E48413260EEB2100D1C2DA /* background_3.png */ = {isa = PBXFileReference; lastKnownFileType = image.png; path = background_3.png; sourceTree = "<group>"; };
		72E48416260EEDA900D1C2DA /* background_4.png */ = {isa = PBXFileReference; lastKnownFileType = image.png; path = background_4.png; sourceTree = "<group>"; };
		72E48419260EEDD100D1C2DA /* background_5.png */ = {isa = PBXFileReference; lastKnownFileType = image.png; path = background_5.png; sourceTree = "<group>"; };
		72E4841C260EEDE800D1C2DA /* Level_1_2.sks */ = {isa = PBXFileReference; lastKnownFileType = file.sks; path = Level_1_2.sks; sourceTree = "<group>"; };
		72E4841F260EEE5000D1C2DA /* Level_1_3.sks */ = {isa = PBXFileReference; lastKnownFileType = file.sks; path = Level_1_3.sks; sourceTree = "<group>"; };
		72E48424260EF26400D1C2DA /* background_1.png */ = {isa = PBXFileReference; lastKnownFileType = image.png; path = background_1.png; sourceTree = "<group>"; };
		72E48427260EF83D00D1C2DA /* background_6.png */ = {isa = PBXFileReference; lastKnownFileType = image.png; path = background_6.png; sourceTree = "<group>"; };
		72E4842A260EF85700D1C2DA /* Level_3.sks */ = {isa = PBXFileReference; lastKnownFileType = file.sks; path = Level_3.sks; sourceTree = "<group>"; };
		72E4842E260EFCA000D1C2DA /* background_7.png */ = {isa = PBXFileReference; lastKnownFileType = image.png; path = background_7.png; sourceTree = "<group>"; };
		72E48431260EFCAF00D1C2DA /* Level_1_4.sks */ = {isa = PBXFileReference; lastKnownFileType = file.sks; path = Level_1_4.sks; sourceTree = "<group>"; };
		72E48434260EFEE700D1C2DA /* background_8.png */ = {isa = PBXFileReference; lastKnownFileType = image.png; path = background_8.png; sourceTree = "<group>"; };
		72E48437260EFEFC00D1C2DA /* Level_1_5.sks */ = {isa = PBXFileReference; lastKnownFileType = file.sks; path = Level_1_5.sks; sourceTree = "<group>"; };
		72E4843A260F051600D1C2DA /* background_9.png */ = {isa = PBXFileReference; lastKnownFileType = image.png; path = background_9.png; sourceTree = "<group>"; };
		72E4843D260F052600D1C2DA /* Level_1_6.sks */ = {isa = PBXFileReference; lastKnownFileType = file.sks; path = Level_1_6.sks; sourceTree = "<group>"; };
		72E48442260F0F7000D1C2DA /* Log.swift */ = {isa = PBXFileReference; lastKnownFileType = sourcecode.swift; path = Log.swift; sourceTree = "<group>"; };
		72E48446260F110500D1C2DA /* log_backward_1.png */ = {isa = PBXFileReference; lastKnownFileType = image.png; path = log_backward_1.png; sourceTree = "<group>"; };
		72E48447260F110500D1C2DA /* log_forward_3.png */ = {isa = PBXFileReference; lastKnownFileType = image.png; path = log_forward_3.png; sourceTree = "<group>"; };
		72E48448260F110500D1C2DA /* log_backward_4.png */ = {isa = PBXFileReference; lastKnownFileType = image.png; path = log_backward_4.png; sourceTree = "<group>"; };
		72E48449260F110500D1C2DA /* log_left_2.png */ = {isa = PBXFileReference; lastKnownFileType = image.png; path = log_left_2.png; sourceTree = "<group>"; };
		72E4844A260F110500D1C2DA /* log_backward_3.png */ = {isa = PBXFileReference; lastKnownFileType = image.png; path = log_backward_3.png; sourceTree = "<group>"; };
		72E4844B260F110500D1C2DA /* log_forward_2.png */ = {isa = PBXFileReference; lastKnownFileType = image.png; path = log_forward_2.png; sourceTree = "<group>"; };
		72E4844D260F110500D1C2DA /* log_forward_1.png */ = {isa = PBXFileReference; lastKnownFileType = image.png; path = log_forward_1.png; sourceTree = "<group>"; };
		72E4844E260F110600D1C2DA /* log_left_1.png */ = {isa = PBXFileReference; lastKnownFileType = image.png; path = log_left_1.png; sourceTree = "<group>"; };
		72E4844F260F110600D1C2DA /* log_left_3.png */ = {isa = PBXFileReference; lastKnownFileType = image.png; path = log_left_3.png; sourceTree = "<group>"; };
		72E48450260F110600D1C2DA /* log_left_4.png */ = {isa = PBXFileReference; lastKnownFileType = image.png; path = log_left_4.png; sourceTree = "<group>"; };
		72E48451260F110600D1C2DA /* log_backward_2.png */ = {isa = PBXFileReference; lastKnownFileType = image.png; path = log_backward_2.png; sourceTree = "<group>"; };
		72E48454260F110600D1C2DA /* log_forward_4.png */ = {isa = PBXFileReference; lastKnownFileType = image.png; path = log_forward_4.png; sourceTree = "<group>"; };
		72E48467260F11D700D1C2DA /* monsterAction.sks */ = {isa = PBXFileReference; lastKnownFileType = file.sks; path = monsterAction.sks; sourceTree = "<group>"; };
		72E48474260F2F2800D1C2DA /* log_right_2.png */ = {isa = PBXFileReference; lastKnownFileType = image.png; path = log_right_2.png; sourceTree = "<group>"; };
		72E48475260F2F2800D1C2DA /* log_right_1.png */ = {isa = PBXFileReference; lastKnownFileType = image.png; path = log_right_1.png; sourceTree = "<group>"; };
		72E48476260F2F2800D1C2DA /* log_right_3.png */ = {isa = PBXFileReference; lastKnownFileType = image.png; path = log_right_3.png; sourceTree = "<group>"; };
		72E48477260F2F2800D1C2DA /* log_right_4.png */ = {isa = PBXFileReference; lastKnownFileType = image.png; path = log_right_4.png; sourceTree = "<group>"; };
		72E4847D260F338A00D1C2DA /* exp_background.png */ = {isa = PBXFileReference; lastKnownFileType = image.png; path = exp_background.png; sourceTree = "<group>"; };
		72E4847E260F338B00D1C2DA /* heart_1.png */ = {isa = PBXFileReference; lastKnownFileType = image.png; path = heart_1.png; sourceTree = "<group>"; };
		72E4847F260F338B00D1C2DA /* money_background.png */ = {isa = PBXFileReference; lastKnownFileType = image.png; path = money_background.png; sourceTree = "<group>"; };
		72E48480260F338B00D1C2DA /* three.png */ = {isa = PBXFileReference; lastKnownFileType = image.png; path = three.png; sourceTree = "<group>"; };
		72E48481260F338B00D1C2DA /* two.png */ = {isa = PBXFileReference; lastKnownFileType = image.png; path = two.png; sourceTree = "<group>"; };
		72E48482260F338B00D1C2DA /* eight.png */ = {isa = PBXFileReference; lastKnownFileType = image.png; path = eight.png; sourceTree = "<group>"; };
		72E48483260F338B00D1C2DA /* heart_3.png */ = {isa = PBXFileReference; lastKnownFileType = image.png; path = heart_3.png; sourceTree = "<group>"; };
		72E48484260F338B00D1C2DA /* nine.png */ = {isa = PBXFileReference; lastKnownFileType = image.png; path = nine.png; sourceTree = "<group>"; };
		72E48485260F338B00D1C2DA /* seven.png */ = {isa = PBXFileReference; lastKnownFileType = image.png; path = seven.png; sourceTree = "<group>"; };
		72E48486260F338B00D1C2DA /* five.png */ = {isa = PBXFileReference; lastKnownFileType = image.png; path = five.png; sourceTree = "<group>"; };
		72E48487260F338B00D1C2DA /* exp.png */ = {isa = PBXFileReference; lastKnownFileType = image.png; path = exp.png; sourceTree = "<group>"; };
		72E48488260F338B00D1C2DA /* four.png */ = {isa = PBXFileReference; lastKnownFileType = image.png; path = four.png; sourceTree = "<group>"; };
		72E4848A260F338B00D1C2DA /* one.png */ = {isa = PBXFileReference; lastKnownFileType = image.png; path = one.png; sourceTree = "<group>"; };
		72E4848B260F338B00D1C2DA /* zero.png */ = {isa = PBXFileReference; lastKnownFileType = image.png; path = zero.png; sourceTree = "<group>"; };
		72E4848C260F338C00D1C2DA /* six.png */ = {isa = PBXFileReference; lastKnownFileType = image.png; path = six.png; sourceTree = "<group>"; };
		72E4848D260F338C00D1C2DA /* heart_0.png */ = {isa = PBXFileReference; lastKnownFileType = image.png; path = heart_0.png; sourceTree = "<group>"; };
		72E4848E260F338C00D1C2DA /* heart_4.png */ = {isa = PBXFileReference; lastKnownFileType = image.png; path = heart_4.png; sourceTree = "<group>"; };
		72E484A6260F435800D1C2DA /* Heart.swift */ = {isa = PBXFileReference; lastKnownFileType = sourcecode.swift; path = Heart.swift; sourceTree = "<group>"; };
		72E484AA260F43AA00D1C2DA /* heart_2.png */ = {isa = PBXFileReference; lastKnownFileType = image.png; path = heart_2.png; sourceTree = "<group>"; };
/* End PBXFileReference section */

/* Begin PBXFrameworksBuildPhase section */
		72B46636260B2A1400BC5E56 /* Frameworks */ = {
			isa = PBXFrameworksBuildPhase;
			buildActionMask = 2147483647;
			files = (
			);
			runOnlyForDeploymentPostprocessing = 0;
		};
/* End PBXFrameworksBuildPhase section */

/* Begin PBXGroup section */
		72B46630260B2A1400BC5E56 = {
			isa = PBXGroup;
			children = (
				72B4663B260B2A1400BC5E56 /* satanAnt */,
				72B4663A260B2A1400BC5E56 /* Products */,
			);
			sourceTree = "<group>";
		};
		72B4663A260B2A1400BC5E56 /* Products */ = {
			isa = PBXGroup;
			children = (
				72B46639260B2A1400BC5E56 /* satanAnt.app */,
			);
			name = Products;
			sourceTree = "<group>";
		};
		72B4663B260B2A1400BC5E56 /* satanAnt */ = {
			isa = PBXGroup;
			children = (
				72D638A72619786F00A43D41 /* Object */,
				72E48441260F0F6200D1C2DA /* monster */,
				72D3A53E260B52C900E65281 /* SKS */,
				72B4665A260B2D3000BC5E56 /* Player */,
				72B46656260B2CA900BC5E56 /* assets.atlas */,
				72B4663C260B2A1400BC5E56 /* AppDelegate.swift */,
				7279A9B1260DDFD1000EB14F /* annieMap.png */,
				72D3A559260B618100E65281 /* Map.swift */,
				7203E1C6260B3CCA006FFD40 /* Extension.swift */,
				72B46642260B2A1400BC5E56 /* GameScene.swift */,
				72B46644260B2A1400BC5E56 /* GameViewController.swift */,
				72B46646260B2A1400BC5E56 /* Main.storyboard */,
				72B4BD7F260B4B830063ED38 /* MSButtonNode.swift */,
				72B4664B260B2A1500BC5E56 /* Info.plist */,
				72D3A550260B575D00E65281 /* popo.sks */,
				72D3A551260B575D00E65281 /* Assets.xcassets */,
				72D3A556260B5E8E00E65281 /* GridYX.swift */,
			);
			path = satanAnt;
			sourceTree = "<group>";
		};
		72B46656260B2CA900BC5E56 /* assets.atlas */ = {
			isa = PBXGroup;
			children = (
				72421406261A1A6900CA5F97 /* plusButton.png */,
				724213F2261A18C600CA5F97 /* abilityHud.png */,
				724213F8261A18D000CA5F97 /* point_green.png */,
				724213F7261A18D000CA5F97 /* point_purple.png */,
				724213F5261A18D000CA5F97 /* point_red.png */,
				724213F6261A18D000CA5F97 /* point_white.png */,
				724213E6261A0CB300CA5F97 /* book_1.png */,
				724213E4261A0CB300CA5F97 /* book_2.png */,
				724213E3261A0CB200CA5F97 /* book_3.png */,
				724213E2261A0CB200CA5F97 /* book_4.png */,
				724213E7261A0CB300CA5F97 /* book_5.png */,
				724213E5261A0CB300CA5F97 /* platform.png */,
				724213D5261A064700CA5F97 /* box_1.png */,
				724213D4261A064700CA5F97 /* box_2.png */,
				724213D3261A064700CA5F97 /* box_3.png */,
				724213D2261A064700CA5F97 /* box_4.png */,
				7276B4EF2619F68300C4918F /* bedroom.png */,
				72D638A8261978AC00A43D41 /* bigDialogue.png */,
				72D6389A2619752F00A43D41 /* dialogue_1.png */,
				72D6389B2619752F00A43D41 /* dialogue_2.png */,
				72D6389D2619753000A43D41 /* dialogue_3.png */,
				72D6389C2619752F00A43D41 /* dialogue_4.png */,
				72D6387826196A4600A43D41 /* npcBack_1.png */,
				72D6387726196A4600A43D41 /* npcBack_2.png */,
				72D6387926196A4600A43D41 /* npcBack_3.png */,
				72D6387A26196A4600A43D41 /* npcBack_4.png */,
				72D6388226196A4700A43D41 /* npcFor_1.png */,
				72D6387B26196A4600A43D41 /* npcFor_2.png */,
				72D6387626196A4600A43D41 /* npcFor_3.png */,
				72D6387326196A4600A43D41 /* npcFor_4.png */,
				72D6387526196A4600A43D41 /* npcLeft_1.png */,
				72D6387C26196A4600A43D41 /* npcLeft_2.png */,
				72D6387F26196A4700A43D41 /* npcLeft_3.png */,
				72D6387E26196A4600A43D41 /* npcLeft_4.png */,
				72D6387426196A4600A43D41 /* npcRight_1.png */,
				72D6388026196A4700A43D41 /* npcRight_2.png */,
				72D6388126196A4700A43D41 /* npcRight_3.png */,
				72D6387D26196A4600A43D41 /* npcRight_4.png */,
				720A42812618CD0D002D589C /* tomb.png */,
				720A42722618CBE9002D589C /* bomb_1.png */,
				720A42782618CBE9002D589C /* bomb_2.png */,
				720A42732618CBE9002D589C /* bomb_3.png */,
				720A42742618CBE9002D589C /* bomb_4.png */,
				720A42762618CBE9002D589C /* bomb_5.png */,
				720A42772618CBE9002D589C /* bomb_6.png */,
				720A42752618CBE9002D589C /* bomb_7.png */,
				720A426A2618C7C0002D589C /* logDie_1.png */,
				720A42692618C7C0002D589C /* logDie_2.png */,
				720A426C2618C7C0002D589C /* logDie_3.png */,
				720A426B2618C7C0002D589C /* logDie_4.png */,
				720A425D2618A81C002D589C /* fire_1.png */,
				720A425A2618A81C002D589C /* fire_2.png */,
				720A42602618A81D002D589C /* fire_3.png */,
				720A425E2618A81D002D589C /* fire_4.png */,
				720A425F2618A81D002D589C /* fire_5.png */,
				720A425B2618A81C002D589C /* fire_6.png */,
				720A425C2618A81C002D589C /* fire_7.png */,
				720A424C26189C30002D589C /* attack_1.png */,
				720A424F26189C31002D589C /* attack_2.png */,
				720A424D26189C31002D589C /* attack_3.png */,
				720A424E26189C31002D589C /* attack_4.png */,
				720A425026189C31002D589C /* attack_5.png */,
				72DC0FEE2615C55D006E7AA1 /* staff.png */,
				72727450260F84AE00141766 /* staffBullet.png */,
				7272744A260F774200141766 /* spear.png */,
				72E48482260F338B00D1C2DA /* eight.png */,
				72E4847D260F338A00D1C2DA /* exp_background.png */,
				72E48487260F338B00D1C2DA /* exp.png */,
				72E48486260F338B00D1C2DA /* five.png */,
				72E48488260F338B00D1C2DA /* four.png */,
				72E4848D260F338C00D1C2DA /* heart_0.png */,
				72E484AA260F43AA00D1C2DA /* heart_2.png */,
				72E4847E260F338B00D1C2DA /* heart_1.png */,
				72E48483260F338B00D1C2DA /* heart_3.png */,
				72E4848E260F338C00D1C2DA /* heart_4.png */,
				72E4847F260F338B00D1C2DA /* money_background.png */,
				72E48484260F338B00D1C2DA /* nine.png */,
				72E4848A260F338B00D1C2DA /* one.png */,
				72E48485260F338B00D1C2DA /* seven.png */,
				72E4848C260F338C00D1C2DA /* six.png */,
				72E48480260F338B00D1C2DA /* three.png */,
				72E48481260F338B00D1C2DA /* two.png */,
				72E4848B260F338B00D1C2DA /* zero.png */,
				72E48446260F110500D1C2DA /* log_backward_1.png */,
				72E48451260F110600D1C2DA /* log_backward_2.png */,
				72E4844A260F110500D1C2DA /* log_backward_3.png */,
				72E48448260F110500D1C2DA /* log_backward_4.png */,
				72E4844D260F110500D1C2DA /* log_forward_1.png */,
				72E4844B260F110500D1C2DA /* log_forward_2.png */,
				72E48447260F110500D1C2DA /* log_forward_3.png */,
				72E48454260F110600D1C2DA /* log_forward_4.png */,
				72E4844E260F110600D1C2DA /* log_left_1.png */,
				72E48449260F110500D1C2DA /* log_left_2.png */,
				72E4844F260F110600D1C2DA /* log_left_3.png */,
				72E48450260F110600D1C2DA /* log_left_4.png */,
				72E48475260F2F2800D1C2DA /* log_right_1.png */,
				72E48474260F2F2800D1C2DA /* log_right_2.png */,
				72E48476260F2F2800D1C2DA /* log_right_3.png */,
				72E48477260F2F2800D1C2DA /* log_right_4.png */,
				72E4843A260F051600D1C2DA /* background_9.png */,
				72E48434260EFEE700D1C2DA /* background_8.png */,
				72E4842E260EFCA000D1C2DA /* background_7.png */,
				72E48427260EF83D00D1C2DA /* background_6.png */,
				72E48419260EEDD100D1C2DA /* background_5.png */,
				72E48416260EEDA900D1C2DA /* background_4.png */,
				729E9439260E38DD00DFF2D0 /* background_2.png */,
				72E48413260EEB2100D1C2DA /* background_3.png */,
				72E48424260EF26400D1C2DA /* background_1.png */,
				729E942E260E33CA00DFF2D0 /* portal_1.png */,
				729E942B260E33CA00DFF2D0 /* portal_2.png */,
				729E942C260E33CA00DFF2D0 /* portal_3.png */,
				729E942D260E33CA00DFF2D0 /* portal_4.png */,
				729E9416260E2FBE00DFF2D0 /* new_backward_1.png */,
				729E9412260E2FBE00DFF2D0 /* new_backward_2.png */,
				729E940D260E2FBD00DFF2D0 /* new_backward_3.png */,
				729E940A260E2FBC00DFF2D0 /* new_backward_4.png */,
				729E9409260E2FBB00DFF2D0 /* new_forward_1.png */,
				729E940C260E2FBC00DFF2D0 /* new_forward_2.png */,
				729E940B260E2FBC00DFF2D0 /* new_forward_3.png */,
				729E9408260E2FBB00DFF2D0 /* new_forward_4.png */,
				729E940E260E2FBD00DFF2D0 /* new_left_1.png */,
				729E940F260E2FBD00DFF2D0 /* new_left_2.png */,
				729E9413260E2FBE00DFF2D0 /* new_left_3.png */,
				729E9407260E2FBB00DFF2D0 /* new_left_4.png */,
				729E9415260E2FBE00DFF2D0 /* new_right_1.png */,
				729E9410260E2FBE00DFF2D0 /* new_right_2.png */,
				729E9411260E2FBE00DFF2D0 /* new_right_3.png */,
				729E9414260E2FBE00DFF2D0 /* new_right_4.png */,
				7279A997260DAAC2000EB14F /* player_backward_1.png */,
				7279A996260DAAC1000EB14F /* player_backward_2.png */,
				7279A995260DAAC1000EB14F /* player_backward_3.png */,
				7279A985260D94A5000EB14F /* player_left_1.png */,
				7279A986260D94A5000EB14F /* player_left_2.png */,
				7279A984260D94A5000EB14F /* player_left_3.png */,
				7279A97D260D93D4000EB14F /* player_right_1.png */,
				7279A97F260D93D4000EB14F /* player_right_2.png */,
				7279A97E260D93D4000EB14F /* player_right_3.png */,
				7279A979260D92ED000EB14F /* player_forward_2.png */,
				7279A978260D92ED000EB14F /* player_forward_3.png */,
				7279A972260D908F000EB14F /* player_forward_1.png */,
				722F7064260C8B75009EB2D1 /* gray.png */,
				72D3A533260B522F00E65281 /* popo.png */,
				72B4BD7C260B4B570063ED38 /* bullet.png */,
				7203E1C0260B2E68006FFD40 /* handlerBackground.png */,
			);
			path = assets.atlas;
			sourceTree = "<group>";
		};
		72B4665A260B2D3000BC5E56 /* Player */ = {
			isa = PBXGroup;
			children = (
				72B46652260B2C5E00BC5E56 /* Player.swift */,
				72B4BD82260B4BCE0063ED38 /* Bullet.swift */,
				72727447260F761D00141766 /* Weapon.swift */,
				72D6389726196B9400A43D41 /* Npc.swift */,
				72D638AB261978B700A43D41 /* BigDialogue.swift */,
				72D638AE26197FE200A43D41 /* Word.swift */,
			);
			path = Player;
			sourceTree = "<group>";
		};
		72D3A53E260B52C900E65281 /* SKS */ = {
			isa = PBXGroup;
			children = (
				72B4663E260B2A1400BC5E56 /* Level_1_0.sks */,
				72E48410260EEAC800D1C2DA /* Level_1_1.sks */,
				72E4841C260EEDE800D1C2DA /* Level_1_2.sks */,
				72E4841F260EEE5000D1C2DA /* Level_1_3.sks */,
				72E48431260EFCAF00D1C2DA /* Level_1_4.sks */,
				72E48437260EFEFC00D1C2DA /* Level_1_5.sks */,
				72E4843D260F052600D1C2DA /* Level_1_6.sks */,
				729E9436260E38A100DFF2D0 /* Level_2.sks */,
				72E4842A260EF85700D1C2DA /* Level_3.sks */,
				7276B4EC2619F65700C4918F /* Level_4.sks */,
				7279A975260D913C000EB14F /* playerAction.sks */,
				72B46640260B2A1400BC5E56 /* Actions.sks */,
				72E48467260F11D700D1C2DA /* monsterAction.sks */,
				72D6389426196A6F00A43D41 /* npcAction.sks */,
				724213DB261A069600CA5F97 /* ObjectAction.sks */,
			);
			path = SKS;
			sourceTree = "<group>";
		};
		72D638A72619786F00A43D41 /* Object */ = {
			isa = PBXGroup;
			children = (
				720A42842618CD1E002D589C /* Tomb.swift */,
				72D704D2260F5E54007326C3 /* Num.swift */,
				72D3A536260B524D00E65281 /* Popo.swift */,
				72B30113260B7E0B008063D7 /* Door.swift */,
				72E484A6260F435800D1C2DA /* Heart.swift */,
				72D638A32619756E00A43D41 /* Dialogue.swift */,
				720A425726189E7D002D589C /* AttackPoint.swift */,
				724213DF261A091400CA5F97 /* Box.swift */,
				724213EF261A0CBE00CA5F97 /* Book.swift */,
				724213FE261A18DC00CA5F97 /* AbilityHud.swift */,
				72421402261A194A00CA5F97 /* AbilityPoint.swift */,
				72421409261A1C3B00CA5F97 /* PlusButton.swift */,
			);
			path = Object;
			sourceTree = "<group>";
		};
		72E48441260F0F6200D1C2DA /* monster */ = {
			isa = PBXGroup;
			children = (
				72E48442260F0F7000D1C2DA /* Log.swift */,
				720A424926174C44002D589C /* hit.wav */,
			);
			path = monster;
			sourceTree = "<group>";
		};
/* End PBXGroup section */

/* Begin PBXNativeTarget section */
		72B46638260B2A1400BC5E56 /* satanAnt */ = {
			isa = PBXNativeTarget;
			buildConfigurationList = 72B4664E260B2A1500BC5E56 /* Build configuration list for PBXNativeTarget "satanAnt" */;
			buildPhases = (
				72B46635260B2A1400BC5E56 /* Sources */,
				72B46636260B2A1400BC5E56 /* Frameworks */,
				72B46637260B2A1400BC5E56 /* Resources */,
			);
			buildRules = (
			);
			dependencies = (
			);
			name = satanAnt;
			productName = satanAnt;
			productReference = 72B46639260B2A1400BC5E56 /* satanAnt.app */;
			productType = "com.apple.product-type.application";
		};
/* End PBXNativeTarget section */

/* Begin PBXProject section */
		72B46631260B2A1400BC5E56 /* Project object */ = {
			isa = PBXProject;
			attributes = {
				LastSwiftUpdateCheck = 1240;
				LastUpgradeCheck = 1240;
				TargetAttributes = {
					72B46638260B2A1400BC5E56 = {
						CreatedOnToolsVersion = 12.4;
					};
				};
			};
			buildConfigurationList = 72B46634260B2A1400BC5E56 /* Build configuration list for PBXProject "satanAnt" */;
			compatibilityVersion = "Xcode 9.3";
			developmentRegion = en;
			hasScannedForEncodings = 0;
			knownRegions = (
				en,
				Base,
			);
			mainGroup = 72B46630260B2A1400BC5E56;
			productRefGroup = 72B4663A260B2A1400BC5E56 /* Products */;
			projectDirPath = "";
			projectRoot = "";
			targets = (
				72B46638260B2A1400BC5E56 /* satanAnt */,
			);
		};
/* End PBXProject section */

/* Begin PBXResourcesBuildPhase section */
		72B46637260B2A1400BC5E56 /* Resources */ = {
			isa = PBXResourcesBuildPhase;
			buildActionMask = 2147483647;
			files = (
				729E9430260E33CA00DFF2D0 /* portal_3.png in Resources */,
				729E9422260E2FBE00DFF2D0 /* new_backward_2.png in Resources */,
				720A42612618A81D002D589C /* fire_2.png in Resources */,
				72D3A534260B522F00E65281 /* popo.png in Resources */,
				720A427B2618CBE9002D589C /* bomb_4.png in Resources */,
				72E4849F260F338C00D1C2DA /* heart_0.png in Resources */,
				72D6389F2619753000A43D41 /* dialogue_2.png in Resources */,
				7279A998260DAAC2000EB14F /* player_backward_3.png in Resources */,
				720A427E2618CBE9002D589C /* bomb_6.png in Resources */,
				729E9432260E33CA00DFF2D0 /* portal_1.png in Resources */,
				7279A976260D913C000EB14F /* playerAction.sks in Resources */,
				7279A9B2260DDFD1000EB14F /* annieMap.png in Resources */,
				72E4845B260F110600D1C2DA /* log_forward_2.png in Resources */,
				729E9431260E33CA00DFF2D0 /* portal_4.png in Resources */,
				729E941F260E2FBE00DFF2D0 /* new_left_2.png in Resources */,
				72E48494260F338C00D1C2DA /* eight.png in Resources */,
				724213FB261A18D000CA5F97 /* point_purple.png in Resources */,
				724213D6261A064700CA5F97 /* box_4.png in Resources */,
				720A42632618A81D002D589C /* fire_7.png in Resources */,
				720A427A2618CBE9002D589C /* bomb_3.png in Resources */,
				722F7065260C8B75009EB2D1 /* gray.png in Resources */,
				72E4841D260EEDE800D1C2DA /* Level_1_2.sks in Resources */,
				72E48478260F2F2800D1C2DA /* log_right_2.png in Resources */,
				72E48428260EF83D00D1C2DA /* background_6.png in Resources */,
				72E48420260EEE5000D1C2DA /* Level_1_3.sks in Resources */,
				72D3A552260B575D00E65281 /* popo.sks in Resources */,
				720A425426189C31002D589C /* attack_2.png in Resources */,
				72E48493260F338C00D1C2DA /* two.png in Resources */,
				72D6388D26196A4700A43D41 /* npcRight_4.png in Resources */,
				724213E9261A0CB300CA5F97 /* book_3.png in Resources */,
				729E943A260E38DD00DFF2D0 /* background_2.png in Resources */,
				720A426E2618C7C0002D589C /* logDie_1.png in Resources */,
				72D638A12619753000A43D41 /* dialogue_3.png in Resources */,
				729E9421260E2FBE00DFF2D0 /* new_right_3.png in Resources */,
				72E4845E260F110600D1C2DA /* log_left_1.png in Resources */,
				72E48496260F338C00D1C2DA /* nine.png in Resources */,
				729E941A260E2FBE00DFF2D0 /* new_backward_4.png in Resources */,
				720A426F2618C7C0002D589C /* logDie_4.png in Resources */,
				720A425326189C31002D589C /* attack_4.png in Resources */,
				72E4843E260F052600D1C2DA /* Level_1_6.sks in Resources */,
				724213D8261A064700CA5F97 /* box_2.png in Resources */,
				72B46648260B2A1400BC5E56 /* Main.storyboard in Resources */,
				72E48479260F2F2800D1C2DA /* log_right_1.png in Resources */,
				72E4849D260F338C00D1C2DA /* zero.png in Resources */,
				724213FA261A18D000CA5F97 /* point_white.png in Resources */,
				72D6389126196A4700A43D41 /* npcRight_3.png in Resources */,
				72D638A9261978AC00A43D41 /* bigDialogue.png in Resources */,
				72E48458260F110600D1C2DA /* log_backward_4.png in Resources */,
				72E4842F260EFCA000D1C2DA /* background_7.png in Resources */,
				729E9437260E38A100DFF2D0 /* Level_2.sks in Resources */,
				72D638A02619753000A43D41 /* dialogue_4.png in Resources */,
				72E48498260F338C00D1C2DA /* five.png in Resources */,
				720A426D2618C7C0002D589C /* logDie_2.png in Resources */,
				720A42702618C7C0002D589C /* logDie_3.png in Resources */,
				729E9426260E2FBE00DFF2D0 /* new_backward_1.png in Resources */,
				72D6389E2619753000A43D41 /* dialogue_1.png in Resources */,
				72D6388426196A4700A43D41 /* npcRight_1.png in Resources */,
				720A42662618A81D002D589C /* fire_5.png in Resources */,
				720A424A26174C44002D589C /* hit.wav in Resources */,
				72E48425260EF26500D1C2DA /* background_1.png in Resources */,
				72E4849C260F338C00D1C2DA /* one.png in Resources */,
				72D6389526196A6F00A43D41 /* npcAction.sks in Resources */,
				72E48417260EEDAA00D1C2DA /* background_4.png in Resources */,
				72D3A553260B575D00E65281 /* Assets.xcassets in Resources */,
				72D6388E26196A4700A43D41 /* npcLeft_4.png in Resources */,
				72E48464260F110600D1C2DA /* log_forward_4.png in Resources */,
				72D6388F26196A4700A43D41 /* npcLeft_3.png in Resources */,
				72D6388626196A4700A43D41 /* npcFor_3.png in Resources */,
				72D6388526196A4700A43D41 /* npcLeft_1.png in Resources */,
				72421407261A1A6900CA5F97 /* plusButton.png in Resources */,
				72E484A0260F338C00D1C2DA /* heart_4.png in Resources */,
				7203E1C1260B2E68006FFD40 /* handlerBackground.png in Resources */,
				72B4663F260B2A1400BC5E56 /* Level_1_0.sks in Resources */,
				72E48461260F110600D1C2DA /* log_backward_2.png in Resources */,
				7276B4ED2619F65700C4918F /* Level_4.sks in Resources */,
				72E48495260F338C00D1C2DA /* heart_3.png in Resources */,
				729E9424260E2FBE00DFF2D0 /* new_right_4.png in Resources */,
				72E48492260F338C00D1C2DA /* three.png in Resources */,
				7279A97B260D92ED000EB14F /* player_forward_2.png in Resources */,
				720A42642618A81D002D589C /* fire_1.png in Resources */,
				720A425126189C31002D589C /* attack_1.png in Resources */,
				72E48459260F110600D1C2DA /* log_left_2.png in Resources */,
				72D6388C26196A4700A43D41 /* npcLeft_2.png in Resources */,
				720A425526189C31002D589C /* attack_5.png in Resources */,
				72D6389026196A4700A43D41 /* npcRight_2.png in Resources */,
				72E48460260F110600D1C2DA /* log_left_4.png in Resources */,
				72D6388726196A4700A43D41 /* npcBack_2.png in Resources */,
				724213ED261A0CB300CA5F97 /* book_5.png in Resources */,
				7279A97A260D92ED000EB14F /* player_forward_3.png in Resources */,
				72E48411260EEAC800D1C2DA /* Level_1_1.sks in Resources */,
				72DC0FEF2615C55D006E7AA1 /* staff.png in Resources */,
				729E942F260E33CA00DFF2D0 /* portal_2.png in Resources */,
				724213EC261A0CB300CA5F97 /* book_1.png in Resources */,
				720A42792618CBE9002D589C /* bomb_1.png in Resources */,
				72727451260F84AE00141766 /* staffBullet.png in Resources */,
				724213EA261A0CB300CA5F97 /* book_2.png in Resources */,
				720A42652618A81D002D589C /* fire_4.png in Resources */,
				72E48456260F110600D1C2DA /* log_backward_1.png in Resources */,
				72E48432260EFCAF00D1C2DA /* Level_1_4.sks in Resources */,
				72E4843B260F051600D1C2DA /* background_9.png in Resources */,
				72E48468260F11D700D1C2DA /* monsterAction.sks in Resources */,
				7272744B260F774200141766 /* spear.png in Resources */,
				72E4842B260EF85700D1C2DA /* Level_3.sks in Resources */,
				724213F9261A18D000CA5F97 /* point_red.png in Resources */,
				72E484AB260F43AA00D1C2DA /* heart_2.png in Resources */,
				720A427F2618CBE9002D589C /* bomb_2.png in Resources */,
				7279A999260DAAC2000EB14F /* player_backward_2.png in Resources */,
				72E48435260EFEE700D1C2DA /* background_8.png in Resources */,
				724213E8261A0CB300CA5F97 /* book_4.png in Resources */,
				7279A99A260DAAC2000EB14F /* player_backward_1.png in Resources */,
				7279A989260D94A5000EB14F /* player_left_2.png in Resources */,
				729E9420260E2FBE00DFF2D0 /* new_right_2.png in Resources */,
				72D6388A26196A4700A43D41 /* npcBack_4.png in Resources */,
				729E9419260E2FBE00DFF2D0 /* new_forward_1.png in Resources */,
				729E941B260E2FBE00DFF2D0 /* new_forward_3.png in Resources */,
				720A42822618CD0D002D589C /* tomb.png in Resources */,
				72E4845A260F110600D1C2DA /* log_backward_3.png in Resources */,
				720A42622618A81D002D589C /* fire_6.png in Resources */,
				720A425226189C31002D589C /* attack_3.png in Resources */,
				72E4841A260EEDD100D1C2DA /* background_5.png in Resources */,
				7276B4F02619F68300C4918F /* bedroom.png in Resources */,
				72E4845F260F110600D1C2DA /* log_left_3.png in Resources */,
				720A42672618A81D002D589C /* fire_3.png in Resources */,
				7279A987260D94A5000EB14F /* player_left_3.png in Resources */,
				72E4849E260F338C00D1C2DA /* six.png in Resources */,
				7279A980260D93D4000EB14F /* player_right_1.png in Resources */,
				729E941C260E2FBE00DFF2D0 /* new_forward_2.png in Resources */,
				72E48490260F338C00D1C2DA /* heart_1.png in Resources */,
				720A427C2618CBE9002D589C /* bomb_7.png in Resources */,
				72E48497260F338C00D1C2DA /* seven.png in Resources */,
				724213EB261A0CB300CA5F97 /* platform.png in Resources */,
				72B4BD7D260B4B570063ED38 /* bullet.png in Resources */,
				7279A981260D93D4000EB14F /* player_right_3.png in Resources */,
				724213D9261A064700CA5F97 /* box_1.png in Resources */,
				72E48491260F338C00D1C2DA /* money_background.png in Resources */,
				72E48438260EFEFC00D1C2DA /* Level_1_5.sks in Resources */,
				72E4847B260F2F2800D1C2DA /* log_right_4.png in Resources */,
				72E48414260EEB2200D1C2DA /* background_3.png in Resources */,
				724213F3261A18C600CA5F97 /* abilityHud.png in Resources */,
				72D6388926196A4700A43D41 /* npcBack_3.png in Resources */,
				72B46641260B2A1400BC5E56 /* Actions.sks in Resources */,
				72E4848F260F338C00D1C2DA /* exp_background.png in Resources */,
				720A427D2618CBE9002D589C /* bomb_5.png in Resources */,
				724213DC261A069600CA5F97 /* ObjectAction.sks in Resources */,
				729E9417260E2FBE00DFF2D0 /* new_left_4.png in Resources */,
				72D6388326196A4700A43D41 /* npcFor_4.png in Resources */,
				729E941E260E2FBE00DFF2D0 /* new_left_1.png in Resources */,
				729E9425260E2FBE00DFF2D0 /* new_right_1.png in Resources */,
				72D6389226196A4700A43D41 /* npcFor_1.png in Resources */,
				729E941D260E2FBE00DFF2D0 /* new_backward_3.png in Resources */,
				72D6388B26196A4700A43D41 /* npcFor_2.png in Resources */,
				7279A988260D94A5000EB14F /* player_left_1.png in Resources */,
				72E4845D260F110600D1C2DA /* log_forward_1.png in Resources */,
				729E9418260E2FBE00DFF2D0 /* new_forward_4.png in Resources */,
				724213D7261A064700CA5F97 /* box_3.png in Resources */,
				72E4847A260F2F2800D1C2DA /* log_right_3.png in Resources */,
				72E48457260F110600D1C2DA /* log_forward_3.png in Resources */,
				7279A973260D908F000EB14F /* player_forward_1.png in Resources */,
				7279A982260D93D4000EB14F /* player_right_2.png in Resources */,
				724213FC261A18D000CA5F97 /* point_green.png in Resources */,
				72E4849A260F338C00D1C2DA /* four.png in Resources */,
				72D6388826196A4700A43D41 /* npcBack_1.png in Resources */,
				729E9423260E2FBE00DFF2D0 /* new_left_3.png in Resources */,
				72E48499260F338C00D1C2DA /* exp.png in Resources */,
			);
			runOnlyForDeploymentPostprocessing = 0;
		};
/* End PBXResourcesBuildPhase section */

/* Begin PBXSourcesBuildPhase section */
		72B46635260B2A1400BC5E56 /* Sources */ = {
			isa = PBXSourcesBuildPhase;
			buildActionMask = 2147483647;
			files = (
				72D704D3260F5E54007326C3 /* Num.swift in Sources */,
				720A42852618CD1E002D589C /* Tomb.swift in Sources */,
				724213FF261A18DC00CA5F97 /* AbilityHud.swift in Sources */,
				72D3A55A260B618100E65281 /* Map.swift in Sources */,
				7203E1C7260B3CCA006FFD40 /* Extension.swift in Sources */,
				72E48443260F0F7000D1C2DA /* Log.swift in Sources */,
				724213E0261A091400CA5F97 /* Box.swift in Sources */,
				72B46653260B2C5E00BC5E56 /* Player.swift in Sources */,
				72421403261A194A00CA5F97 /* AbilityPoint.swift in Sources */,
				72D638A42619756E00A43D41 /* Dialogue.swift in Sources */,
				724213F0261A0CBE00CA5F97 /* Book.swift in Sources */,
				72727448260F761D00141766 /* Weapon.swift in Sources */,
				72D638AF26197FE200A43D41 /* Word.swift in Sources */,
				72D6389826196B9400A43D41 /* Npc.swift in Sources */,
				72B46643260B2A1400BC5E56 /* GameScene.swift in Sources */,
				72D3A537260B524D00E65281 /* Popo.swift in Sources */,
				72E484A7260F435800D1C2DA /* Heart.swift in Sources */,
				72D638AC261978B700A43D41 /* BigDialogue.swift in Sources */,
				72B4BD83260B4BCE0063ED38 /* Bullet.swift in Sources */,
				72B4BD80260B4B830063ED38 /* MSButtonNode.swift in Sources */,
				72B46645260B2A1400BC5E56 /* GameViewController.swift in Sources */,
				72B4663D260B2A1400BC5E56 /* AppDelegate.swift in Sources */,
				72B30114260B7E0B008063D7 /* Door.swift in Sources */,
				720A425826189E7D002D589C /* AttackPoint.swift in Sources */,
				72D3A557260B5E8E00E65281 /* GridYX.swift in Sources */,
				7242140A261A1C3B00CA5F97 /* PlusButton.swift in Sources */,
			);
			runOnlyForDeploymentPostprocessing = 0;
		};
/* End PBXSourcesBuildPhase section */

/* Begin PBXVariantGroup section */
		72B46646260B2A1400BC5E56 /* Main.storyboard */ = {
			isa = PBXVariantGroup;
			children = (
				72B46647260B2A1400BC5E56 /* Base */,
			);
			name = Main.storyboard;
			sourceTree = "<group>";
		};
/* End PBXVariantGroup section */

/* Begin XCBuildConfiguration section */
		72B4664C260B2A1500BC5E56 /* Debug */ = {
			isa = XCBuildConfiguration;
			buildSettings = {
				ALWAYS_SEARCH_USER_PATHS = NO;
				CLANG_ANALYZER_NONNULL = YES;
				CLANG_ANALYZER_NUMBER_OBJECT_CONVERSION = YES_AGGRESSIVE;
				CLANG_CXX_LANGUAGE_STANDARD = "gnu++14";
				CLANG_CXX_LIBRARY = "libc++";
				CLANG_ENABLE_MODULES = YES;
				CLANG_ENABLE_OBJC_ARC = YES;
				CLANG_ENABLE_OBJC_WEAK = YES;
				CLANG_WARN_BLOCK_CAPTURE_AUTORELEASING = YES;
				CLANG_WARN_BOOL_CONVERSION = YES;
				CLANG_WARN_COMMA = YES;
				CLANG_WARN_CONSTANT_CONVERSION = YES;
				CLANG_WARN_DEPRECATED_OBJC_IMPLEMENTATIONS = YES;
				CLANG_WARN_DIRECT_OBJC_ISA_USAGE = YES_ERROR;
				CLANG_WARN_DOCUMENTATION_COMMENTS = YES;
				CLANG_WARN_EMPTY_BODY = YES;
				CLANG_WARN_ENUM_CONVERSION = YES;
				CLANG_WARN_INFINITE_RECURSION = YES;
				CLANG_WARN_INT_CONVERSION = YES;
				CLANG_WARN_NON_LITERAL_NULL_CONVERSION = YES;
				CLANG_WARN_OBJC_IMPLICIT_RETAIN_SELF = YES;
				CLANG_WARN_OBJC_LITERAL_CONVERSION = YES;
				CLANG_WARN_OBJC_ROOT_CLASS = YES_ERROR;
				CLANG_WARN_QUOTED_INCLUDE_IN_FRAMEWORK_HEADER = YES;
				CLANG_WARN_RANGE_LOOP_ANALYSIS = YES;
				CLANG_WARN_STRICT_PROTOTYPES = YES;
				CLANG_WARN_SUSPICIOUS_MOVE = YES;
				CLANG_WARN_UNGUARDED_AVAILABILITY = YES_AGGRESSIVE;
				CLANG_WARN_UNREACHABLE_CODE = YES;
				CLANG_WARN__DUPLICATE_METHOD_MATCH = YES;
				COPY_PHASE_STRIP = NO;
				DEBUG_INFORMATION_FORMAT = dwarf;
				ENABLE_STRICT_OBJC_MSGSEND = YES;
				ENABLE_TESTABILITY = YES;
				GCC_C_LANGUAGE_STANDARD = gnu11;
				GCC_DYNAMIC_NO_PIC = NO;
				GCC_NO_COMMON_BLOCKS = YES;
				GCC_OPTIMIZATION_LEVEL = 0;
				GCC_PREPROCESSOR_DEFINITIONS = (
					"DEBUG=1",
					"$(inherited)",
				);
				GCC_WARN_64_TO_32_BIT_CONVERSION = YES;
				GCC_WARN_ABOUT_RETURN_TYPE = YES_ERROR;
				GCC_WARN_UNDECLARED_SELECTOR = YES;
				GCC_WARN_UNINITIALIZED_AUTOS = YES_AGGRESSIVE;
				GCC_WARN_UNUSED_FUNCTION = YES;
				GCC_WARN_UNUSED_VARIABLE = YES;
				IPHONEOS_DEPLOYMENT_TARGET = 14.4;
				MTL_ENABLE_DEBUG_INFO = INCLUDE_SOURCE;
				MTL_FAST_MATH = YES;
				ONLY_ACTIVE_ARCH = YES;
				SDKROOT = iphoneos;
				SWIFT_ACTIVE_COMPILATION_CONDITIONS = DEBUG;
				SWIFT_OPTIMIZATION_LEVEL = "-Onone";
			};
			name = Debug;
		};
		72B4664D260B2A1500BC5E56 /* Release */ = {
			isa = XCBuildConfiguration;
			buildSettings = {
				ALWAYS_SEARCH_USER_PATHS = NO;
				CLANG_ANALYZER_NONNULL = YES;
				CLANG_ANALYZER_NUMBER_OBJECT_CONVERSION = YES_AGGRESSIVE;
				CLANG_CXX_LANGUAGE_STANDARD = "gnu++14";
				CLANG_CXX_LIBRARY = "libc++";
				CLANG_ENABLE_MODULES = YES;
				CLANG_ENABLE_OBJC_ARC = YES;
				CLANG_ENABLE_OBJC_WEAK = YES;
				CLANG_WARN_BLOCK_CAPTURE_AUTORELEASING = YES;
				CLANG_WARN_BOOL_CONVERSION = YES;
				CLANG_WARN_COMMA = YES;
				CLANG_WARN_CONSTANT_CONVERSION = YES;
				CLANG_WARN_DEPRECATED_OBJC_IMPLEMENTATIONS = YES;
				CLANG_WARN_DIRECT_OBJC_ISA_USAGE = YES_ERROR;
				CLANG_WARN_DOCUMENTATION_COMMENTS = YES;
				CLANG_WARN_EMPTY_BODY = YES;
				CLANG_WARN_ENUM_CONVERSION = YES;
				CLANG_WARN_INFINITE_RECURSION = YES;
				CLANG_WARN_INT_CONVERSION = YES;
				CLANG_WARN_NON_LITERAL_NULL_CONVERSION = YES;
				CLANG_WARN_OBJC_IMPLICIT_RETAIN_SELF = YES;
				CLANG_WARN_OBJC_LITERAL_CONVERSION = YES;
				CLANG_WARN_OBJC_ROOT_CLASS = YES_ERROR;
				CLANG_WARN_QUOTED_INCLUDE_IN_FRAMEWORK_HEADER = YES;
				CLANG_WARN_RANGE_LOOP_ANALYSIS = YES;
				CLANG_WARN_STRICT_PROTOTYPES = YES;
				CLANG_WARN_SUSPICIOUS_MOVE = YES;
				CLANG_WARN_UNGUARDED_AVAILABILITY = YES_AGGRESSIVE;
				CLANG_WARN_UNREACHABLE_CODE = YES;
				CLANG_WARN__DUPLICATE_METHOD_MATCH = YES;
				COPY_PHASE_STRIP = NO;
				DEBUG_INFORMATION_FORMAT = "dwarf-with-dsym";
				ENABLE_NS_ASSERTIONS = NO;
				ENABLE_STRICT_OBJC_MSGSEND = YES;
				GCC_C_LANGUAGE_STANDARD = gnu11;
				GCC_NO_COMMON_BLOCKS = YES;
				GCC_WARN_64_TO_32_BIT_CONVERSION = YES;
				GCC_WARN_ABOUT_RETURN_TYPE = YES_ERROR;
				GCC_WARN_UNDECLARED_SELECTOR = YES;
				GCC_WARN_UNINITIALIZED_AUTOS = YES_AGGRESSIVE;
				GCC_WARN_UNUSED_FUNCTION = YES;
				GCC_WARN_UNUSED_VARIABLE = YES;
				IPHONEOS_DEPLOYMENT_TARGET = 14.4;
				MTL_ENABLE_DEBUG_INFO = NO;
				MTL_FAST_MATH = YES;
				SDKROOT = iphoneos;
				SWIFT_COMPILATION_MODE = wholemodule;
				SWIFT_OPTIMIZATION_LEVEL = "-O";
				VALIDATE_PRODUCT = YES;
			};
			name = Release;
		};
		72B4664F260B2A1500BC5E56 /* Debug */ = {
			isa = XCBuildConfiguration;
			buildSettings = {
				ASSETCATALOG_COMPILER_APPICON_NAME = AppIcon;
				ASSETCATALOG_COMPILER_GLOBAL_ACCENT_COLOR_NAME = AccentColor;
				CODE_SIGN_STYLE = Automatic;
				DEVELOPMENT_TEAM = K9ZG3W249U;
				INFOPLIST_FILE = satanAnt/Info.plist;
				LD_RUNPATH_SEARCH_PATHS = (
					"$(inherited)",
					"@executable_path/Frameworks",
				);
				PRODUCT_BUNDLE_IDENTIFIER = murrayliukkk.satanAnt;
				PRODUCT_NAME = "$(TARGET_NAME)";
				SWIFT_VERSION = 5.0;
				TARGETED_DEVICE_FAMILY = "1,2";
			};
			name = Debug;
		};
		72B46650260B2A1500BC5E56 /* Release */ = {
			isa = XCBuildConfiguration;
			buildSettings = {
				ASSETCATALOG_COMPILER_APPICON_NAME = AppIcon;
				ASSETCATALOG_COMPILER_GLOBAL_ACCENT_COLOR_NAME = AccentColor;
				CODE_SIGN_STYLE = Automatic;
				DEVELOPMENT_TEAM = K9ZG3W249U;
				INFOPLIST_FILE = satanAnt/Info.plist;
				LD_RUNPATH_SEARCH_PATHS = (
					"$(inherited)",
					"@executable_path/Frameworks",
				);
				PRODUCT_BUNDLE_IDENTIFIER = murrayliukkk.satanAnt;
				PRODUCT_NAME = "$(TARGET_NAME)";
				SWIFT_VERSION = 5.0;
				TARGETED_DEVICE_FAMILY = "1,2";
			};
			name = Release;
		};
/* End XCBuildConfiguration section */

/* Begin XCConfigurationList section */
		72B46634260B2A1400BC5E56 /* Build configuration list for PBXProject "satanAnt" */ = {
			isa = XCConfigurationList;
			buildConfigurations = (
				72B4664C260B2A1500BC5E56 /* Debug */,
				72B4664D260B2A1500BC5E56 /* Release */,
			);
			defaultConfigurationIsVisible = 0;
			defaultConfigurationName = Release;
		};
		72B4664E260B2A1500BC5E56 /* Build configuration list for PBXNativeTarget "satanAnt" */ = {
			isa = XCConfigurationList;
			buildConfigurations = (
				72B4664F260B2A1500BC5E56 /* Debug */,
				72B46650260B2A1500BC5E56 /* Release */,
			);
			defaultConfigurationIsVisible = 0;
			defaultConfigurationName = Release;
		};
/* End XCConfigurationList section */
	};
	rootObject = 72B46631260B2A1400BC5E56 /* Project object */;
}
